// !$*UTF8*$!
{
	archiveVersion = 1;
	classes = {
	};
	objectVersion = 56;
	objects = {

/* Begin PBXBuildFile section */
		51B510372A18C0B20003C959 /* astronauts.json in Resources */ = {isa = PBXBuildFile; fileRef = 51B510352A18C0B20003C959 /* astronauts.json */; };
		51B510382A18C0B20003C959 /* missions.json in Resources */ = {isa = PBXBuildFile; fileRef = 51B510362A18C0B20003C959 /* missions.json */; };
		51B5103A2A18C8820003C959 /* Color-Theme.swift in Sources */ = {isa = PBXBuildFile; fileRef = 51B510392A18C8810003C959 /* Color-Theme.swift */; };
		51B5103F2A18CA160003C959 /* MissionView.swift in Sources */ = {isa = PBXBuildFile; fileRef = 51B5103E2A18CA160003C959 /* MissionView.swift */; };
		51B510412A18D2C80003C959 /* AstronautView.swift in Sources */ = {isa = PBXBuildFile; fileRef = 51B510402A18D2C80003C959 /* AstronautView.swift */; };
		51B510442A18D4600003C959 /* RectangleDivider.swift in Sources */ = {isa = PBXBuildFile; fileRef = 51B510432A18D4600003C959 /* RectangleDivider.swift */; };
		51B510492A18D5840003C959 /* GridLayoutView.swift in Sources */ = {isa = PBXBuildFile; fileRef = 51B510482A18D5840003C959 /* GridLayoutView.swift */; };
		51B5104B2A18D5E50003C959 /* ListLayoutView.swift in Sources */ = {isa = PBXBuildFile; fileRef = 51B5104A2A18D5E50003C959 /* ListLayoutView.swift */; };
		51F932D12A16AA5A00818658 /* MoonshotApp.swift in Sources */ = {isa = PBXBuildFile; fileRef = 51F932D02A16AA5A00818658 /* MoonshotApp.swift */; };
		51F932D32A16AA5A00818658 /* ContentView.swift in Sources */ = {isa = PBXBuildFile; fileRef = 51F932D22A16AA5A00818658 /* ContentView.swift */; };
		51F932D52A16AA5B00818658 /* Assets.xcassets in Resources */ = {isa = PBXBuildFile; fileRef = 51F932D42A16AA5B00818658 /* Assets.xcassets */; };
		51F932D82A16AA5B00818658 /* Preview Assets.xcassets in Resources */ = {isa = PBXBuildFile; fileRef = 51F932D72A16AA5B00818658 /* Preview Assets.xcassets */; };
		51F932DF2A16AF6500818658 /* Structs.swift in Sources */ = {isa = PBXBuildFile; fileRef = 51F932DE2A16AF6500818658 /* Structs.swift */; };
		51F932E12A16AFF800818658 /* Bundle-Decodable.swift in Sources */ = {isa = PBXBuildFile; fileRef = 51F932E02A16AFF800818658 /* Bundle-Decodable.swift */; };
/* End PBXBuildFile section */

/* Begin PBXFileReference section */
		51B510352A18C0B20003C959 /* astronauts.json */ = {isa = PBXFileReference; fileEncoding = 4; lastKnownFileType = text.json; path = astronauts.json; sourceTree = "<group>"; };
		51B510362A18C0B20003C959 /* missions.json */ = {isa = PBXFileReference; fileEncoding = 4; lastKnownFileType = text.json; path = missions.json; sourceTree = "<group>"; };
		51B510392A18C8810003C959 /* Color-Theme.swift */ = {isa = PBXFileReference; lastKnownFileType = sourcecode.swift; path = "Color-Theme.swift"; sourceTree = "<group>"; };
		51B5103E2A18CA160003C959 /* MissionView.swift */ = {isa = PBXFileReference; lastKnownFileType = sourcecode.swift; path = MissionView.swift; sourceTree = "<group>"; };
		51B510402A18D2C80003C959 /* AstronautView.swift */ = {isa = PBXFileReference; lastKnownFileType = sourcecode.swift; path = AstronautView.swift; sourceTree = "<group>"; };
		51B510432A18D4600003C959 /* RectangleDivider.swift */ = {isa = PBXFileReference; lastKnownFileType = sourcecode.swift; path = RectangleDivider.swift; sourceTree = "<group>"; };
		51B510482A18D5840003C959 /* GridLayoutView.swift */ = {isa = PBXFileReference; lastKnownFileType = sourcecode.swift; path = GridLayoutView.swift; sourceTree = "<group>"; };
		51B5104A2A18D5E50003C959 /* ListLayoutView.swift */ = {isa = PBXFileReference; lastKnownFileType = sourcecode.swift; path = ListLayoutView.swift; sourceTree = "<group>"; };
		51F932CD2A16AA5A00818658 /* Moonshot.app */ = {isa = PBXFileReference; explicitFileType = wrapper.application; includeInIndex = 0; path = Moonshot.app; sourceTree = BUILT_PRODUCTS_DIR; };
		51F932D02A16AA5A00818658 /* MoonshotApp.swift */ = {isa = PBXFileReference; lastKnownFileType = sourcecode.swift; path = MoonshotApp.swift; sourceTree = "<group>"; };
		51F932D22A16AA5A00818658 /* ContentView.swift */ = {isa = PBXFileReference; lastKnownFileType = sourcecode.swift; path = ContentView.swift; sourceTree = "<group>"; };
		51F932D42A16AA5B00818658 /* Assets.xcassets */ = {isa = PBXFileReference; lastKnownFileType = folder.assetcatalog; path = Assets.xcassets; sourceTree = "<group>"; };
		51F932D72A16AA5B00818658 /* Preview Assets.xcassets */ = {isa = PBXFileReference; lastKnownFileType = folder.assetcatalog; path = "Preview Assets.xcassets"; sourceTree = "<group>"; };
		51F932DE2A16AF6500818658 /* Structs.swift */ = {isa = PBXFileReference; lastKnownFileType = sourcecode.swift; path = Structs.swift; sourceTree = "<group>"; };
		51F932E02A16AFF800818658 /* Bundle-Decodable.swift */ = {isa = PBXFileReference; lastKnownFileType = sourcecode.swift; path = "Bundle-Decodable.swift"; sourceTree = "<group>"; };
/* End PBXFileReference section */

/* Begin PBXFrameworksBuildPhase section */
		51F932CA2A16AA5A00818658 /* Frameworks */ = {
			isa = PBXFrameworksBuildPhase;
			buildActionMask = 2147483647;
			files = (
			);
			runOnlyForDeploymentPostprocessing = 0;
		};
/* End PBXFrameworksBuildPhase section */

/* Begin PBXGroup section */
		51B5103B2A18C9EF0003C959 /* Views */ = {
			isa = PBXGroup;
			children = (
				51B510422A18D44E0003C959 /* Components */,
				51F932D22A16AA5A00818658 /* ContentView.swift */,
				51B5103E2A18CA160003C959 /* MissionView.swift */,
				51B510402A18D2C80003C959 /* AstronautView.swift */,
			);
			path = Views;
			sourceTree = "<group>";
		};
		51B5103C2A18C9F80003C959 /* Data */ = {
			isa = PBXGroup;
			children = (
				51B510352A18C0B20003C959 /* astronauts.json */,
				51B510362A18C0B20003C959 /* missions.json */,
				51F932DE2A16AF6500818658 /* Structs.swift */,
			);
			path = Data;
			sourceTree = "<group>";
		};
		51B5103D2A18CA010003C959 /* Extensions */ = {
			isa = PBXGroup;
			children = (
				51F932E02A16AFF800818658 /* Bundle-Decodable.swift */,
				51B510392A18C8810003C959 /* Color-Theme.swift */,
			);
			path = Extensions;
			sourceTree = "<group>";
		};
		51B510422A18D44E0003C959 /* Components */ = {
			isa = PBXGroup;
			children = (
				51B510432A18D4600003C959 /* RectangleDivider.swift */,
				51B510482A18D5840003C959 /* GridLayoutView.swift */,
				51B5104A2A18D5E50003C959 /* ListLayoutView.swift */,
			);
			path = Components;
			sourceTree = "<group>";
		};
		51F932C42A16AA5A00818658 = {
			isa = PBXGroup;
			children = (
				51F932CF2A16AA5A00818658 /* Moonshot */,
				51F932CE2A16AA5A00818658 /* Products */,
			);
			sourceTree = "<group>";
		};
		51F932CE2A16AA5A00818658 /* Products */ = {
			isa = PBXGroup;
			children = (
				51F932CD2A16AA5A00818658 /* Moonshot.app */,
			);
			name = Products;
			sourceTree = "<group>";
		};
		51F932CF2A16AA5A00818658 /* Moonshot */ = {
			isa = PBXGroup;
			children = (
				51B5103D2A18CA010003C959 /* Extensions */,
				51B5103C2A18C9F80003C959 /* Data */,
				51B5103B2A18C9EF0003C959 /* Views */,
				51F932D02A16AA5A00818658 /* MoonshotApp.swift */,
				51F932D42A16AA5B00818658 /* Assets.xcassets */,
				51F932D62A16AA5B00818658 /* Preview Content */,
			);
			path = Moonshot;
			sourceTree = "<group>";
		};
		51F932D62A16AA5B00818658 /* Preview Content */ = {
			isa = PBXGroup;
			children = (
				51F932D72A16AA5B00818658 /* Preview Assets.xcassets */,
			);
			path = "Preview Content";
			sourceTree = "<group>";
		};
/* End PBXGroup section */

/* Begin PBXNativeTarget section */
		51F932CC2A16AA5A00818658 /* Moonshot */ = {
			isa = PBXNativeTarget;
			buildConfigurationList = 51F932DB2A16AA5B00818658 /* Build configuration list for PBXNativeTarget "Moonshot" */;
			buildPhases = (
				51F932C92A16AA5A00818658 /* Sources */,
				51F932CA2A16AA5A00818658 /* Frameworks */,
				51F932CB2A16AA5A00818658 /* Resources */,
			);
			buildRules = (
			);
			dependencies = (
			);
			name = Moonshot;
			productName = Moonshot;
			productReference = 51F932CD2A16AA5A00818658 /* Moonshot.app */;
			productType = "com.apple.product-type.application";
		};
/* End PBXNativeTarget section */

/* Begin PBXProject section */
		51F932C52A16AA5A00818658 /* Project object */ = {
			isa = PBXProject;
			attributes = {
				BuildIndependentTargetsInParallel = 1;
				LastSwiftUpdateCheck = 1430;
				LastUpgradeCheck = 1430;
				TargetAttributes = {
					51F932CC2A16AA5A00818658 = {
						CreatedOnToolsVersion = 14.3;
					};
				};
			};
			buildConfigurationList = 51F932C82A16AA5A00818658 /* Build configuration list for PBXProject "Moonshot" */;
			compatibilityVersion = "Xcode 14.0";
			developmentRegion = en;
			hasScannedForEncodings = 0;
			knownRegions = (
				en,
				Base,
			);
			mainGroup = 51F932C42A16AA5A00818658;
			productRefGroup = 51F932CE2A16AA5A00818658 /* Products */;
			projectDirPath = "";
			projectRoot = "";
			targets = (
				51F932CC2A16AA5A00818658 /* Moonshot */,
			);
		};
/* End PBXProject section */

/* Begin PBXResourcesBuildPhase section */
		51F932CB2A16AA5A00818658 /* Resources */ = {
			isa = PBXResourcesBuildPhase;
			buildActionMask = 2147483647;
			files = (
				51B510372A18C0B20003C959 /* astronauts.json in Resources */,
				51F932D82A16AA5B00818658 /* Preview Assets.xcassets in Resources */,
				51B510382A18C0B20003C959 /* missions.json in Resources */,
				51F932D52A16AA5B00818658 /* Assets.xcassets in Resources */,
			);
			runOnlyForDeploymentPostprocessing = 0;
		};
/* End PBXResourcesBuildPhase section */

/* Begin PBXSourcesBuildPhase section */
		51F932C92A16AA5A00818658 /* Sources */ = {
			isa = PBXSourcesBuildPhase;
			buildActionMask = 2147483647;
			files = (
				51B510412A18D2C80003C959 /* AstronautView.swift in Sources */,
				51F932DF2A16AF6500818658 /* Structs.swift in Sources */,
				51F932D32A16AA5A00818658 /* ContentView.swift in Sources */,
				51B5104B2A18D5E50003C959 /* ListLayoutView.swift in Sources */,
				51F932D12A16AA5A00818658 /* MoonshotApp.swift in Sources */,
				51F932E12A16AFF800818658 /* Bundle-Decodable.swift in Sources */,
				51B5103A2A18C8820003C959 /* Color-Theme.swift in Sources */,
				51B510492A18D5840003C959 /* GridLayoutView.swift in Sources */,
				51B5103F2A18CA160003C959 /* MissionView.swift in Sources */,
				51B510442A18D4600003C959 /* RectangleDivider.swift in Sources */,
			);
			runOnlyForDeploymentPostprocessing = 0;
		};
/* End PBXSourcesBuildPhase section */

/* Begin XCBuildConfiguration section */
		51F932D92A16AA5B00818658 /* Debug */ = {
			isa = XCBuildConfiguration;
			buildSettings = {
				ALWAYS_SEARCH_USER_PATHS = NO;
				CLANG_ANALYZER_NONNULL = YES;
				CLANG_ANALYZER_NUMBER_OBJECT_CONVERSION = YES_AGGRESSIVE;
				CLANG_CXX_LANGUAGE_STANDARD = "gnu++20";
				CLANG_ENABLE_MODULES = YES;
				CLANG_ENABLE_OBJC_ARC = YES;
				CLANG_ENABLE_OBJC_WEAK = YES;
				CLANG_WARN_BLOCK_CAPTURE_AUTORELEASING = YES;
				CLANG_WARN_BOOL_CONVERSION = YES;
				CLANG_WARN_COMMA = YES;
				CLANG_WARN_CONSTANT_CONVERSION = YES;
				CLANG_WARN_DEPRECATED_OBJC_IMPLEMENTATIONS = YES;
				CLANG_WARN_DIRECT_OBJC_ISA_USAGE = YES_ERROR;
				CLANG_WARN_DOCUMENTATION_COMMENTS = YES;
				CLANG_WARN_EMPTY_BODY = YES;
				CLANG_WARN_ENUM_CONVERSION = YES;
				CLANG_WARN_INFINITE_RECURSION = YES;
				CLANG_WARN_INT_CONVERSION = YES;
				CLANG_WARN_NON_LITERAL_NULL_CONVERSION = YES;
				CLANG_WARN_OBJC_IMPLICIT_RETAIN_SELF = YES;
				CLANG_WARN_OBJC_LITERAL_CONVERSION = YES;
				CLANG_WARN_OBJC_ROOT_CLASS = YES_ERROR;
				CLANG_WARN_QUOTED_INCLUDE_IN_FRAMEWORK_HEADER = YES;
				CLANG_WARN_RANGE_LOOP_ANALYSIS = YES;
				CLANG_WARN_STRICT_PROTOTYPES = YES;
				CLANG_WARN_SUSPICIOUS_MOVE = YES;
				CLANG_WARN_UNGUARDED_AVAILABILITY = YES_AGGRESSIVE;
				CLANG_WARN_UNREACHABLE_CODE = YES;
				CLANG_WARN__DUPLICATE_METHOD_MATCH = YES;
				COPY_PHASE_STRIP = NO;
				DEBUG_INFORMATION_FORMAT = dwarf;
				ENABLE_STRICT_OBJC_MSGSEND = YES;
				ENABLE_TESTABILITY = YES;
				GCC_C_LANGUAGE_STANDARD = gnu11;
				GCC_DYNAMIC_NO_PIC = NO;
				GCC_NO_COMMON_BLOCKS = YES;
				GCC_OPTIMIZATION_LEVEL = 0;
				GCC_PREPROCESSOR_DEFINITIONS = (
					"DEBUG=1",
					"$(inherited)",
				);
				GCC_WARN_64_TO_32_BIT_CONVERSION = YES;
				GCC_WARN_ABOUT_RETURN_TYPE = YES_ERROR;
				GCC_WARN_UNDECLARED_SELECTOR = YES;
				GCC_WARN_UNINITIALIZED_AUTOS = YES_AGGRESSIVE;
				GCC_WARN_UNUSED_FUNCTION = YES;
				GCC_WARN_UNUSED_VARIABLE = YES;
				IPHONEOS_DEPLOYMENT_TARGET = 16.4;
				MTL_ENABLE_DEBUG_INFO = INCLUDE_SOURCE;
				MTL_FAST_MATH = YES;
				ONLY_ACTIVE_ARCH = YES;
				SDKROOT = iphoneos;
				SWIFT_ACTIVE_COMPILATION_CONDITIONS = DEBUG;
				SWIFT_OPTIMIZATION_LEVEL = "-Onone";
			};
			name = Debug;
		};
		51F932DA2A16AA5B00818658 /* Release */ = {
			isa = XCBuildConfiguration;
			buildSettings = {
				ALWAYS_SEARCH_USER_PATHS = NO;
				CLANG_ANALYZER_NONNULL = YES;
				CLANG_ANALYZER_NUMBER_OBJECT_CONVERSION = YES_AGGRESSIVE;
				CLANG_CXX_LANGUAGE_STANDARD = "gnu++20";
				CLANG_ENABLE_MODULES = YES;
				CLANG_ENABLE_OBJC_ARC = YES;
				CLANG_ENABLE_OBJC_WEAK = YES;
				CLANG_WARN_BLOCK_CAPTURE_AUTORELEASING = YES;
				CLANG_WARN_BOOL_CONVERSION = YES;
				CLANG_WARN_COMMA = YES;
				CLANG_WARN_CONSTANT_CONVERSION = YES;
				CLANG_WARN_DEPRECATED_OBJC_IMPLEMENTATIONS = YES;
				CLANG_WARN_DIRECT_OBJC_ISA_USAGE = YES_ERROR;
				CLANG_WARN_DOCUMENTATION_COMMENTS = YES;
				CLANG_WARN_EMPTY_BODY = YES;
				CLANG_WARN_ENUM_CONVERSION = YES;
				CLANG_WARN_INFINITE_RECURSION = YES;
				CLANG_WARN_INT_CONVERSION = YES;
				CLANG_WARN_NON_LITERAL_NULL_CONVERSION = YES;
				CLANG_WARN_OBJC_IMPLICIT_RETAIN_SELF = YES;
				CLANG_WARN_OBJC_LITERAL_CONVERSION = YES;
				CLANG_WARN_OBJC_ROOT_CLASS = YES_ERROR;
				CLANG_WARN_QUOTED_INCLUDE_IN_FRAMEWORK_HEADER = YES;
				CLANG_WARN_RANGE_LOOP_ANALYSIS = YES;
				CLANG_WARN_STRICT_PROTOTYPES = YES;
				CLANG_WARN_SUSPICIOUS_MOVE = YES;
				CLANG_WARN_UNGUARDED_AVAILABILITY = YES_AGGRESSIVE;
				CLANG_WARN_UNREACHABLE_CODE = YES;
				CLANG_WARN__DUPLICATE_METHOD_MATCH = YES;
				COPY_PHASE_STRIP = NO;
				DEBUG_INFORMATION_FORMAT = "dwarf-with-dsym";
				ENABLE_NS_ASSERTIONS = NO;
				ENABLE_STRICT_OBJC_MSGSEND = YES;
				GCC_C_LANGUAGE_STANDARD = gnu11;
				GCC_NO_COMMON_BLOCKS = YES;
				GCC_WARN_64_TO_32_BIT_CONVERSION = YES;
				GCC_WARN_ABOUT_RETURN_TYPE = YES_ERROR;
				GCC_WARN_UNDECLARED_SELECTOR = YES;
				GCC_WARN_UNINITIALIZED_AUTOS = YES_AGGRESSIVE;
				GCC_WARN_UNUSED_FUNCTION = YES;
				GCC_WARN_UNUSED_VARIABLE = YES;
				IPHONEOS_DEPLOYMENT_TARGET = 16.4;
				MTL_ENABLE_DEBUG_INFO = NO;
				MTL_FAST_MATH = YES;
				SDKROOT = iphoneos;
				SWIFT_COMPILATION_MODE = wholemodule;
				SWIFT_OPTIMIZATION_LEVEL = "-O";
				VALIDATE_PRODUCT = YES;
			};
			name = Release;
		};
		51F932DC2A16AA5B00818658 /* Debug */ = {
			isa = XCBuildConfiguration;
			buildSettings = {
				ASSETCATALOG_COMPILER_APPICON_NAME = AppIcon;
				ASSETCATALOG_COMPILER_GLOBAL_ACCENT_COLOR_NAME = AccentColor;
				CODE_SIGN_STYLE = Automatic;
				CURRENT_PROJECT_VERSION = 1;
				DEVELOPMENT_ASSET_PATHS = "\"Moonshot/Preview Content\"";
				DEVELOPMENT_TEAM = 2VP2J2SZVR;
				ENABLE_PREVIEWS = YES;
				GENERATE_INFOPLIST_FILE = YES;
				INFOPLIST_KEY_UIApplicationSceneManifest_Generation = YES;
				INFOPLIST_KEY_UIApplicationSupportsIndirectInputEvents = YES;
				INFOPLIST_KEY_UILaunchScreen_Generation = YES;
				INFOPLIST_KEY_UISupportedInterfaceOrientations_iPad = "UIInterfaceOrientationPortrait UIInterfaceOrientationPortraitUpsideDown UIInterfaceOrientationLandscapeLeft UIInterfaceOrientationLandscapeRight";
				INFOPLIST_KEY_UISupportedInterfaceOrientations_iPhone = "UIInterfaceOrientationPortrait UIInterfaceOrientationLandscapeLeft UIInterfaceOrientationLandscapeRight";
				LD_RUNPATH_SEARCH_PATHS = (
					"$(inherited)",
					"@executable_path/Frameworks",
				);
				MARKETING_VERSION = 1.0;
				PRODUCT_BUNDLE_IDENTIFIER = carolanelefebvre.Moonshot;
				PRODUCT_NAME = "$(TARGET_NAME)";
				SWIFT_EMIT_LOC_STRINGS = YES;
				SWIFT_VERSION = 5.0;
				TARGETED_DEVICE_FAMILY = "1,2";
			};
			name = Debug;
		};
		51F932DD2A16AA5B00818658 /* Release */ = {
			isa = XCBuildConfiguration;
			buildSettings = {
				ASSETCATALOG_COMPILER_APPICON_NAME = AppIcon;
				ASSETCATALOG_COMPILER_GLOBAL_ACCENT_COLOR_NAME = AccentColor;
				CODE_SIGN_STYLE = Automatic;
				CURRENT_PROJECT_VERSION = 1;
				DEVELOPMENT_ASSET_PATHS = "\"Moonshot/Preview Content\"";
				DEVELOPMENT_TEAM = 2VP2J2SZVR;
				ENABLE_PREVIEWS = YES;
				GENERATE_INFOPLIST_FILE = YES;
				INFOPLIST_KEY_UIApplicationSceneManifest_Generation = YES;
				INFOPLIST_KEY_UIApplicationSupportsIndirectInputEvents = YES;
				INFOPLIST_KEY_UILaunchScreen_Generation = YES;
				INFOPLIST_KEY_UISupportedInterfaceOrientations_iPad = "UIInterfaceOrientationPortrait UIInterfaceOrientationPortraitUpsideDown UIInterfaceOrientationLandscapeLeft UIInterfaceOrientationLandscapeRight";
				INFOPLIST_KEY_UISupportedInterfaceOrientations_iPhone = "UIInterfaceOrientationPortrait UIInterfaceOrientationLandscapeLeft UIInterfaceOrientationLandscapeRight";
				LD_RUNPATH_SEARCH_PATHS = (
					"$(inherited)",
					"@executable_path/Frameworks",
				);
				MARKETING_VERSION = 1.0;
				PRODUCT_BUNDLE_IDENTIFIER = carolanelefebvre.Moonshot;
				PRODUCT_NAME = "$(TARGET_NAME)";
				SWIFT_EMIT_LOC_STRINGS = YES;
				SWIFT_VERSION = 5.0;
				TARGETED_DEVICE_FAMILY = "1,2";
			};
			name = Release;
		};
/* End XCBuildConfiguration section */

/* Begin XCConfigurationList section */
		51F932C82A16AA5A00818658 /* Build configuration list for PBXProject "Moonshot" */ = {
			isa = XCConfigurationList;
			buildConfigurations = (
				51F932D92A16AA5B00818658 /* Debug */,
				51F932DA2A16AA5B00818658 /* Release */,
			);
			defaultConfigurationIsVisible = 0;
			defaultConfigurationName = Release;
		};
		51F932DB2A16AA5B00818658 /* Build configuration list for PBXNativeTarget "Moonshot" */ = {
			isa = XCConfigurationList;
			buildConfigurations = (
				51F932DC2A16AA5B00818658 /* Debug */,
				51F932DD2A16AA5B00818658 /* Release */,
			);
			defaultConfigurationIsVisible = 0;
			defaultConfigurationName = Release;
		};
/* End XCConfigurationList section */
	};
	rootObject = 51F932C52A16AA5A00818658 /* Project object */;
}
