// !$*UTF8*$!
{
	archiveVersion = 1;
	classes = {
	};
	objectVersion = 56;
	objects = {

/* Begin PBXBuildFile section */
		51FC73EE2A1CC8FA00D2B6A5 /* DrawingApp.swift in Sources */ = {isa = PBXBuildFile; fileRef = 51FC73ED2A1CC8FA00D2B6A5 /* DrawingApp.swift */; };
		51FC73F02A1CC8FA00D2B6A5 /* ContentView.swift in Sources */ = {isa = PBXBuildFile; fileRef = 51FC73EF2A1CC8FA00D2B6A5 /* ContentView.swift */; };
		51FC73F22A1CC8FB00D2B6A5 /* Assets.xcassets in Resources */ = {isa = PBXBuildFile; fileRef = 51FC73F12A1CC8FB00D2B6A5 /* Assets.xcassets */; };
		51FC73F52A1CC8FB00D2B6A5 /* Preview Assets.xcassets in Resources */ = {isa = PBXBuildFile; fileRef = 51FC73F42A1CC8FB00D2B6A5 /* Preview Assets.xcassets */; };
		51FC73FD2A1CC95300D2B6A5 /* CustomPath.swift in Sources */ = {isa = PBXBuildFile; fileRef = 51FC73FC2A1CC95300D2B6A5 /* CustomPath.swift */; };
		51FC73FF2A1CCD3B00D2B6A5 /* PathVSShape.swift in Sources */ = {isa = PBXBuildFile; fileRef = 51FC73FE2A1CCD3B00D2B6A5 /* PathVSShape.swift */; };
		51FC74012A1CCF1900D2B6A5 /* InsettableShapeTuto.swift in Sources */ = {isa = PBXBuildFile; fileRef = 51FC74002A1CCF1900D2B6A5 /* InsettableShapeTuto.swift */; };
		51FC74032A1CD04300D2B6A5 /* TransformShapes.swift in Sources */ = {isa = PBXBuildFile; fileRef = 51FC74022A1CD04300D2B6A5 /* TransformShapes.swift */; };
		51FC74052A1CD42200D2B6A5 /* ImagePaintTuto.swift in Sources */ = {isa = PBXBuildFile; fileRef = 51FC74042A1CD42200D2B6A5 /* ImagePaintTuto.swift */; };
		51FC74072A1CD66C00D2B6A5 /* MetalDrawingGrp.swift in Sources */ = {isa = PBXBuildFile; fileRef = 51FC74062A1CD66C00D2B6A5 /* MetalDrawingGrp.swift */; };
/* End PBXBuildFile section */

/* Begin PBXFileReference section */
		51FC73EA2A1CC8FA00D2B6A5 /* Drawing.app */ = {isa = PBXFileReference; explicitFileType = wrapper.application; includeInIndex = 0; path = Drawing.app; sourceTree = BUILT_PRODUCTS_DIR; };
		51FC73ED2A1CC8FA00D2B6A5 /* DrawingApp.swift */ = {isa = PBXFileReference; lastKnownFileType = sourcecode.swift; path = DrawingApp.swift; sourceTree = "<group>"; };
		51FC73EF2A1CC8FA00D2B6A5 /* ContentView.swift */ = {isa = PBXFileReference; lastKnownFileType = sourcecode.swift; path = ContentView.swift; sourceTree = "<group>"; };
		51FC73F12A1CC8FB00D2B6A5 /* Assets.xcassets */ = {isa = PBXFileReference; lastKnownFileType = folder.assetcatalog; path = Assets.xcassets; sourceTree = "<group>"; };
		51FC73F42A1CC8FB00D2B6A5 /* Preview Assets.xcassets */ = {isa = PBXFileReference; lastKnownFileType = folder.assetcatalog; path = "Preview Assets.xcassets"; sourceTree = "<group>"; };
		51FC73FC2A1CC95300D2B6A5 /* CustomPath.swift */ = {isa = PBXFileReference; lastKnownFileType = sourcecode.swift; path = CustomPath.swift; sourceTree = "<group>"; };
		51FC73FE2A1CCD3B00D2B6A5 /* PathVSShape.swift */ = {isa = PBXFileReference; lastKnownFileType = sourcecode.swift; path = PathVSShape.swift; sourceTree = "<group>"; };
		51FC74002A1CCF1900D2B6A5 /* InsettableShapeTuto.swift */ = {isa = PBXFileReference; lastKnownFileType = sourcecode.swift; path = InsettableShapeTuto.swift; sourceTree = "<group>"; };
		51FC74022A1CD04300D2B6A5 /* TransformShapes.swift */ = {isa = PBXFileReference; lastKnownFileType = sourcecode.swift; path = TransformShapes.swift; sourceTree = "<group>"; };
		51FC74042A1CD42200D2B6A5 /* ImagePaintTuto.swift */ = {isa = PBXFileReference; lastKnownFileType = sourcecode.swift; path = ImagePaintTuto.swift; sourceTree = "<group>"; };
		51FC74062A1CD66C00D2B6A5 /* MetalDrawingGrp.swift */ = {isa = PBXFileReference; lastKnownFileType = sourcecode.swift; path = MetalDrawingGrp.swift; sourceTree = "<group>"; };
/* End PBXFileReference section */

/* Begin PBXFrameworksBuildPhase section */
		51FC73E72A1CC8FA00D2B6A5 /* Frameworks */ = {
			isa = PBXFrameworksBuildPhase;
			buildActionMask = 2147483647;
			files = (
			);
			runOnlyForDeploymentPostprocessing = 0;
		};
/* End PBXFrameworksBuildPhase section */

/* Begin PBXGroup section */
		51FC73E12A1CC8FA00D2B6A5 = {
			isa = PBXGroup;
			children = (
				51FC73EC2A1CC8FA00D2B6A5 /* Drawing */,
				51FC73EB2A1CC8FA00D2B6A5 /* Products */,
			);
			sourceTree = "<group>";
		};
		51FC73EB2A1CC8FA00D2B6A5 /* Products */ = {
			isa = PBXGroup;
			children = (
				51FC73EA2A1CC8FA00D2B6A5 /* Drawing.app */,
			);
			name = Products;
			sourceTree = "<group>";
		};
		51FC73EC2A1CC8FA00D2B6A5 /* Drawing */ = {
			isa = PBXGroup;
			children = (
				51FC73FB2A1CC93800D2B6A5 /* Tutos */,
				51FC73ED2A1CC8FA00D2B6A5 /* DrawingApp.swift */,
				51FC73EF2A1CC8FA00D2B6A5 /* ContentView.swift */,
				51FC73F12A1CC8FB00D2B6A5 /* Assets.xcassets */,
				51FC73F32A1CC8FB00D2B6A5 /* Preview Content */,
			);
			path = Drawing;
			sourceTree = "<group>";
		};
		51FC73F32A1CC8FB00D2B6A5 /* Preview Content */ = {
			isa = PBXGroup;
			children = (
				51FC73F42A1CC8FB00D2B6A5 /* Preview Assets.xcassets */,
			);
			path = "Preview Content";
			sourceTree = "<group>";
		};
		51FC73FB2A1CC93800D2B6A5 /* Tutos */ = {
			isa = PBXGroup;
			children = (
				51FC73FC2A1CC95300D2B6A5 /* CustomPath.swift */,
				51FC73FE2A1CCD3B00D2B6A5 /* PathVSShape.swift */,
				51FC74002A1CCF1900D2B6A5 /* InsettableShapeTuto.swift */,
				51FC74022A1CD04300D2B6A5 /* TransformShapes.swift */,
				51FC74042A1CD42200D2B6A5 /* ImagePaintTuto.swift */,
				51FC74062A1CD66C00D2B6A5 /* MetalDrawingGrp.swift */,
			);
			path = Tutos;
			sourceTree = "<group>";
		};
/* End PBXGroup section */

/* Begin PBXNativeTarget section */
		51FC73E92A1CC8FA00D2B6A5 /* Drawing */ = {
			isa = PBXNativeTarget;
			buildConfigurationList = 51FC73F82A1CC8FB00D2B6A5 /* Build configuration list for PBXNativeTarget "Drawing" */;
			buildPhases = (
				51FC73E62A1CC8FA00D2B6A5 /* Sources */,
				51FC73E72A1CC8FA00D2B6A5 /* Frameworks */,
				51FC73E82A1CC8FA00D2B6A5 /* Resources */,
			);
			buildRules = (
			);
			dependencies = (
			);
			name = Drawing;
			productName = Drawing;
			productReference = 51FC73EA2A1CC8FA00D2B6A5 /* Drawing.app */;
			productType = "com.apple.product-type.application";
		};
/* End PBXNativeTarget section */

/* Begin PBXProject section */
		51FC73E22A1CC8FA00D2B6A5 /* Project object */ = {
			isa = PBXProject;
			attributes = {
				BuildIndependentTargetsInParallel = 1;
				LastSwiftUpdateCheck = 1430;
				LastUpgradeCheck = 1430;
				TargetAttributes = {
					51FC73E92A1CC8FA00D2B6A5 = {
						CreatedOnToolsVersion = 14.3;
					};
				};
			};
			buildConfigurationList = 51FC73E52A1CC8FA00D2B6A5 /* Build configuration list for PBXProject "Drawing" */;
			compatibilityVersion = "Xcode 14.0";
			developmentRegion = en;
			hasScannedForEncodings = 0;
			knownRegions = (
				en,
				Base,
			);
			mainGroup = 51FC73E12A1CC8FA00D2B6A5;
			productRefGroup = 51FC73EB2A1CC8FA00D2B6A5 /* Products */;
			projectDirPath = "";
			projectRoot = "";
			targets = (
				51FC73E92A1CC8FA00D2B6A5 /* Drawing */,
			);
		};
/* End PBXProject section */

/* Begin PBXResourcesBuildPhase section */
		51FC73E82A1CC8FA00D2B6A5 /* Resources */ = {
			isa = PBXResourcesBuildPhase;
			buildActionMask = 2147483647;
			files = (
				51FC73F52A1CC8FB00D2B6A5 /* Preview Assets.xcassets in Resources */,
				51FC73F22A1CC8FB00D2B6A5 /* Assets.xcassets in Resources */,
			);
			runOnlyForDeploymentPostprocessing = 0;
		};
/* End PBXResourcesBuildPhase section */

/* Begin PBXSourcesBuildPhase section */
		51FC73E62A1CC8FA00D2B6A5 /* Sources */ = {
			isa = PBXSourcesBuildPhase;
			buildActionMask = 2147483647;
			files = (
				51FC74072A1CD66C00D2B6A5 /* MetalDrawingGrp.swift in Sources */,
				51FC74032A1CD04300D2B6A5 /* TransformShapes.swift in Sources */,
				51FC73FD2A1CC95300D2B6A5 /* CustomPath.swift in Sources */,
				51FC73F02A1CC8FA00D2B6A5 /* ContentView.swift in Sources */,
				51FC74052A1CD42200D2B6A5 /* ImagePaintTuto.swift in Sources */,
				51FC73EE2A1CC8FA00D2B6A5 /* DrawingApp.swift in Sources */,
				51FC74012A1CCF1900D2B6A5 /* InsettableShapeTuto.swift in Sources */,
				51FC73FF2A1CCD3B00D2B6A5 /* PathVSShape.swift in Sources */,
			);
			runOnlyForDeploymentPostprocessing = 0;
		};
/* End PBXSourcesBuildPhase section */

/* Begin XCBuildConfiguration section */
		51FC73F62A1CC8FB00D2B6A5 /* Debug */ = {
			isa = XCBuildConfiguration;
			buildSettings = {
				ALWAYS_SEARCH_USER_PATHS = NO;
				CLANG_ANALYZER_NONNULL = YES;
				CLANG_ANALYZER_NUMBER_OBJECT_CONVERSION = YES_AGGRESSIVE;
				CLANG_CXX_LANGUAGE_STANDARD = "gnu++20";
				CLANG_ENABLE_MODULES = YES;
				CLANG_ENABLE_OBJC_ARC = YES;
				CLANG_ENABLE_OBJC_WEAK = YES;
				CLANG_WARN_BLOCK_CAPTURE_AUTORELEASING = YES;
				CLANG_WARN_BOOL_CONVERSION = YES;
				CLANG_WARN_COMMA = YES;
				CLANG_WARN_CONSTANT_CONVERSION = YES;
				CLANG_WARN_DEPRECATED_OBJC_IMPLEMENTATIONS = YES;
				CLANG_WARN_DIRECT_OBJC_ISA_USAGE = YES_ERROR;
				CLANG_WARN_DOCUMENTATION_COMMENTS = YES;
				CLANG_WARN_EMPTY_BODY = YES;
				CLANG_WARN_ENUM_CONVERSION = YES;
				CLANG_WARN_INFINITE_RECURSION = YES;
				CLANG_WARN_INT_CONVERSION = YES;
				CLANG_WARN_NON_LITERAL_NULL_CONVERSION = YES;
				CLANG_WARN_OBJC_IMPLICIT_RETAIN_SELF = YES;
				CLANG_WARN_OBJC_LITERAL_CONVERSION = YES;
				CLANG_WARN_OBJC_ROOT_CLASS = YES_ERROR;
				CLANG_WARN_QUOTED_INCLUDE_IN_FRAMEWORK_HEADER = YES;
				CLANG_WARN_RANGE_LOOP_ANALYSIS = YES;
				CLANG_WARN_STRICT_PROTOTYPES = YES;
				CLANG_WARN_SUSPICIOUS_MOVE = YES;
				CLANG_WARN_UNGUARDED_AVAILABILITY = YES_AGGRESSIVE;
				CLANG_WARN_UNREACHABLE_CODE = YES;
				CLANG_WARN__DUPLICATE_METHOD_MATCH = YES;
				COPY_PHASE_STRIP = NO;
				DEBUG_INFORMATION_FORMAT = dwarf;
				ENABLE_STRICT_OBJC_MSGSEND = YES;
				ENABLE_TESTABILITY = YES;
				GCC_C_LANGUAGE_STANDARD = gnu11;
				GCC_DYNAMIC_NO_PIC = NO;
				GCC_NO_COMMON_BLOCKS = YES;
				GCC_OPTIMIZATION_LEVEL = 0;
				GCC_PREPROCESSOR_DEFINITIONS = (
					"DEBUG=1",
					"$(inherited)",
				);
				GCC_WARN_64_TO_32_BIT_CONVERSION = YES;
				GCC_WARN_ABOUT_RETURN_TYPE = YES_ERROR;
				GCC_WARN_UNDECLARED_SELECTOR = YES;
				GCC_WARN_UNINITIALIZED_AUTOS = YES_AGGRESSIVE;
				GCC_WARN_UNUSED_FUNCTION = YES;
				GCC_WARN_UNUSED_VARIABLE = YES;
				IPHONEOS_DEPLOYMENT_TARGET = 16.4;
				MTL_ENABLE_DEBUG_INFO = INCLUDE_SOURCE;
				MTL_FAST_MATH = YES;
				ONLY_ACTIVE_ARCH = YES;
				SDKROOT = iphoneos;
				SWIFT_ACTIVE_COMPILATION_CONDITIONS = DEBUG;
				SWIFT_OPTIMIZATION_LEVEL = "-Onone";
			};
			name = Debug;
		};
		51FC73F72A1CC8FB00D2B6A5 /* Release */ = {
			isa = XCBuildConfiguration;
			buildSettings = {
				ALWAYS_SEARCH_USER_PATHS = NO;
				CLANG_ANALYZER_NONNULL = YES;
				CLANG_ANALYZER_NUMBER_OBJECT_CONVERSION = YES_AGGRESSIVE;
				CLANG_CXX_LANGUAGE_STANDARD = "gnu++20";
				CLANG_ENABLE_MODULES = YES;
				CLANG_ENABLE_OBJC_ARC = YES;
				CLANG_ENABLE_OBJC_WEAK = YES;
				CLANG_WARN_BLOCK_CAPTURE_AUTORELEASING = YES;
				CLANG_WARN_BOOL_CONVERSION = YES;
				CLANG_WARN_COMMA = YES;
				CLANG_WARN_CONSTANT_CONVERSION = YES;
				CLANG_WARN_DEPRECATED_OBJC_IMPLEMENTATIONS = YES;
				CLANG_WARN_DIRECT_OBJC_ISA_USAGE = YES_ERROR;
				CLANG_WARN_DOCUMENTATION_COMMENTS = YES;
				CLANG_WARN_EMPTY_BODY = YES;
				CLANG_WARN_ENUM_CONVERSION = YES;
				CLANG_WARN_INFINITE_RECURSION = YES;
				CLANG_WARN_INT_CONVERSION = YES;
				CLANG_WARN_NON_LITERAL_NULL_CONVERSION = YES;
				CLANG_WARN_OBJC_IMPLICIT_RETAIN_SELF = YES;
				CLANG_WARN_OBJC_LITERAL_CONVERSION = YES;
				CLANG_WARN_OBJC_ROOT_CLASS = YES_ERROR;
				CLANG_WARN_QUOTED_INCLUDE_IN_FRAMEWORK_HEADER = YES;
				CLANG_WARN_RANGE_LOOP_ANALYSIS = YES;
				CLANG_WARN_STRICT_PROTOTYPES = YES;
				CLANG_WARN_SUSPICIOUS_MOVE = YES;
				CLANG_WARN_UNGUARDED_AVAILABILITY = YES_AGGRESSIVE;
				CLANG_WARN_UNREACHABLE_CODE = YES;
				CLANG_WARN__DUPLICATE_METHOD_MATCH = YES;
				COPY_PHASE_STRIP = NO;
				DEBUG_INFORMATION_FORMAT = "dwarf-with-dsym";
				ENABLE_NS_ASSERTIONS = NO;
				ENABLE_STRICT_OBJC_MSGSEND = YES;
				GCC_C_LANGUAGE_STANDARD = gnu11;
				GCC_NO_COMMON_BLOCKS = YES;
				GCC_WARN_64_TO_32_BIT_CONVERSION = YES;
				GCC_WARN_ABOUT_RETURN_TYPE = YES_ERROR;
				GCC_WARN_UNDECLARED_SELECTOR = YES;
				GCC_WARN_UNINITIALIZED_AUTOS = YES_AGGRESSIVE;
				GCC_WARN_UNUSED_FUNCTION = YES;
				GCC_WARN_UNUSED_VARIABLE = YES;
				IPHONEOS_DEPLOYMENT_TARGET = 16.4;
				MTL_ENABLE_DEBUG_INFO = NO;
				MTL_FAST_MATH = YES;
				SDKROOT = iphoneos;
				SWIFT_COMPILATION_MODE = wholemodule;
				SWIFT_OPTIMIZATION_LEVEL = "-O";
				VALIDATE_PRODUCT = YES;
			};
			name = Release;
		};
		51FC73F92A1CC8FB00D2B6A5 /* Debug */ = {
			isa = XCBuildConfiguration;
			buildSettings = {
				ASSETCATALOG_COMPILER_APPICON_NAME = AppIcon;
				ASSETCATALOG_COMPILER_GLOBAL_ACCENT_COLOR_NAME = AccentColor;
				CODE_SIGN_STYLE = Automatic;
				CURRENT_PROJECT_VERSION = 1;
				DEVELOPMENT_ASSET_PATHS = "\"Drawing/Preview Content\"";
				DEVELOPMENT_TEAM = 2VP2J2SZVR;
				ENABLE_PREVIEWS = YES;
				GENERATE_INFOPLIST_FILE = YES;
				INFOPLIST_KEY_UIApplicationSceneManifest_Generation = YES;
				INFOPLIST_KEY_UIApplicationSupportsIndirectInputEvents = YES;
				INFOPLIST_KEY_UILaunchScreen_Generation = YES;
				INFOPLIST_KEY_UISupportedInterfaceOrientations_iPad = "UIInterfaceOrientationPortrait UIInterfaceOrientationPortraitUpsideDown UIInterfaceOrientationLandscapeLeft UIInterfaceOrientationLandscapeRight";
				INFOPLIST_KEY_UISupportedInterfaceOrientations_iPhone = "UIInterfaceOrientationPortrait UIInterfaceOrientationLandscapeLeft UIInterfaceOrientationLandscapeRight";
				LD_RUNPATH_SEARCH_PATHS = (
					"$(inherited)",
					"@executable_path/Frameworks",
				);
				MARKETING_VERSION = 1.0;
				PRODUCT_BUNDLE_IDENTIFIER = carolanelefebvre.Drawing;
				PRODUCT_NAME = "$(TARGET_NAME)";
				SWIFT_EMIT_LOC_STRINGS = YES;
				SWIFT_VERSION = 5.0;
				TARGETED_DEVICE_FAMILY = "1,2";
			};
			name = Debug;
		};
		51FC73FA2A1CC8FB00D2B6A5 /* Release */ = {
			isa = XCBuildConfiguration;
			buildSettings = {
				ASSETCATALOG_COMPILER_APPICON_NAME = AppIcon;
				ASSETCATALOG_COMPILER_GLOBAL_ACCENT_COLOR_NAME = AccentColor;
				CODE_SIGN_STYLE = Automatic;
				CURRENT_PROJECT_VERSION = 1;
				DEVELOPMENT_ASSET_PATHS = "\"Drawing/Preview Content\"";
				DEVELOPMENT_TEAM = 2VP2J2SZVR;
				ENABLE_PREVIEWS = YES;
				GENERATE_INFOPLIST_FILE = YES;
				INFOPLIST_KEY_UIApplicationSceneManifest_Generation = YES;
				INFOPLIST_KEY_UIApplicationSupportsIndirectInputEvents = YES;
				INFOPLIST_KEY_UILaunchScreen_Generation = YES;
				INFOPLIST_KEY_UISupportedInterfaceOrientations_iPad = "UIInterfaceOrientationPortrait UIInterfaceOrientationPortraitUpsideDown UIInterfaceOrientationLandscapeLeft UIInterfaceOrientationLandscapeRight";
				INFOPLIST_KEY_UISupportedInterfaceOrientations_iPhone = "UIInterfaceOrientationPortrait UIInterfaceOrientationLandscapeLeft UIInterfaceOrientationLandscapeRight";
				LD_RUNPATH_SEARCH_PATHS = (
					"$(inherited)",
					"@executable_path/Frameworks",
				);
				MARKETING_VERSION = 1.0;
				PRODUCT_BUNDLE_IDENTIFIER = carolanelefebvre.Drawing;
				PRODUCT_NAME = "$(TARGET_NAME)";
				SWIFT_EMIT_LOC_STRINGS = YES;
				SWIFT_VERSION = 5.0;
				TARGETED_DEVICE_FAMILY = "1,2";
			};
			name = Release;
		};
/* End XCBuildConfiguration section */

/* Begin XCConfigurationList section */
		51FC73E52A1CC8FA00D2B6A5 /* Build configuration list for PBXProject "Drawing" */ = {
			isa = XCConfigurationList;
			buildConfigurations = (
				51FC73F62A1CC8FB00D2B6A5 /* Debug */,
				51FC73F72A1CC8FB00D2B6A5 /* Release */,
			);
			defaultConfigurationIsVisible = 0;
			defaultConfigurationName = Release;
		};
		51FC73F82A1CC8FB00D2B6A5 /* Build configuration list for PBXNativeTarget "Drawing" */ = {
			isa = XCConfigurationList;
			buildConfigurations = (
				51FC73F92A1CC8FB00D2B6A5 /* Debug */,
				51FC73FA2A1CC8FB00D2B6A5 /* Release */,
			);
			defaultConfigurationIsVisible = 0;
			defaultConfigurationName = Release;
		};
/* End XCConfigurationList section */
	};
	rootObject = 51FC73E22A1CC8FA00D2B6A5 /* Project object */;
}
