// !$*UTF8*$!
{
	archiveVersion = 1;
	classes = {
	};
	objectVersion = 56;
	objects = {

/* Begin PBXBuildFile section */
		92160FD32A8412870053F3B2 /* BucketListApp.swift in Sources */ = {isa = PBXBuildFile; fileRef = 92160FD22A8412870053F3B2 /* BucketListApp.swift */; };
		92160FD52A8412870053F3B2 /* ContentView.swift in Sources */ = {isa = PBXBuildFile; fileRef = 92160FD42A8412870053F3B2 /* ContentView.swift */; };
		92160FD72A8412870053F3B2 /* Assets.xcassets in Resources */ = {isa = PBXBuildFile; fileRef = 92160FD62A8412870053F3B2 /* Assets.xcassets */; };
		92160FDA2A8412870053F3B2 /* Preview Assets.xcassets in Resources */ = {isa = PBXBuildFile; fileRef = 92160FD92A8412870053F3B2 /* Preview Assets.xcassets */; };
		928664762A85522000950533 /* MapKitSwiftUI.swift in Sources */ = {isa = PBXBuildFile; fileRef = 928664752A85522000950533 /* MapKitSwiftUI.swift */; };
		928664782A85543E00950533 /* TouchAndFaceID.swift in Sources */ = {isa = PBXBuildFile; fileRef = 928664772A85543E00950533 /* TouchAndFaceID.swift */; };
		9286647C2A85582100950533 /* Location.swift in Sources */ = {isa = PBXBuildFile; fileRef = 9286647B2A85582100950533 /* Location.swift */; };
		928664802A85731900950533 /* EditView.swift in Sources */ = {isa = PBXBuildFile; fileRef = 9286647F2A85731900950533 /* EditView.swift */; };
		928664822A85799B00950533 /* Result.swift in Sources */ = {isa = PBXBuildFile; fileRef = 928664812A85799B00950533 /* Result.swift */; };
		928664852A85818C00950533 /* ContentView-ViewModel.swift in Sources */ = {isa = PBXBuildFile; fileRef = 928664842A85818C00950533 /* ContentView-ViewModel.swift */; };
		928664872A8584EF00950533 /* FileManager-DocumentsDirectory.swift in Sources */ = {isa = PBXBuildFile; fileRef = 928664862A8584EF00950533 /* FileManager-DocumentsDirectory.swift */; };
		9286648A2A858E1400950533 /* ButtonStyleView.swift in Sources */ = {isa = PBXBuildFile; fileRef = 928664892A858E1400950533 /* ButtonStyleView.swift */; };
		92AFEB612A8525B20082A853 /* ConformanceComparable.swift in Sources */ = {isa = PBXBuildFile; fileRef = 92AFEB602A8525B20082A853 /* ConformanceComparable.swift */; };
		92AFEB652A852CC00082A853 /* ViewStatesEnums.swift in Sources */ = {isa = PBXBuildFile; fileRef = 92AFEB642A852CC00082A853 /* ViewStatesEnums.swift */; };
/* End PBXBuildFile section */

/* Begin PBXFileReference section */
		92160FCF2A8412870053F3B2 /* BucketList.app */ = {isa = PBXFileReference; explicitFileType = wrapper.application; includeInIndex = 0; path = BucketList.app; sourceTree = BUILT_PRODUCTS_DIR; };
		92160FD22A8412870053F3B2 /* BucketListApp.swift */ = {isa = PBXFileReference; lastKnownFileType = sourcecode.swift; path = BucketListApp.swift; sourceTree = "<group>"; };
		92160FD42A8412870053F3B2 /* ContentView.swift */ = {isa = PBXFileReference; lastKnownFileType = sourcecode.swift; path = ContentView.swift; sourceTree = "<group>"; };
		92160FD62A8412870053F3B2 /* Assets.xcassets */ = {isa = PBXFileReference; lastKnownFileType = folder.assetcatalog; path = Assets.xcassets; sourceTree = "<group>"; };
		92160FD92A8412870053F3B2 /* Preview Assets.xcassets */ = {isa = PBXFileReference; lastKnownFileType = folder.assetcatalog; path = "Preview Assets.xcassets"; sourceTree = "<group>"; };
		928664752A85522000950533 /* MapKitSwiftUI.swift */ = {isa = PBXFileReference; lastKnownFileType = sourcecode.swift; path = MapKitSwiftUI.swift; sourceTree = "<group>"; };
		928664772A85543E00950533 /* TouchAndFaceID.swift */ = {isa = PBXFileReference; lastKnownFileType = sourcecode.swift; path = TouchAndFaceID.swift; sourceTree = "<group>"; };
		9286647B2A85582100950533 /* Location.swift */ = {isa = PBXFileReference; lastKnownFileType = sourcecode.swift; path = Location.swift; sourceTree = "<group>"; };
		9286647F2A85731900950533 /* EditView.swift */ = {isa = PBXFileReference; lastKnownFileType = sourcecode.swift; path = EditView.swift; sourceTree = "<group>"; };
		928664812A85799B00950533 /* Result.swift */ = {isa = PBXFileReference; lastKnownFileType = sourcecode.swift; path = Result.swift; sourceTree = "<group>"; };
		928664842A85818C00950533 /* ContentView-ViewModel.swift */ = {isa = PBXFileReference; lastKnownFileType = sourcecode.swift; path = "ContentView-ViewModel.swift"; sourceTree = "<group>"; };
		928664862A8584EF00950533 /* FileManager-DocumentsDirectory.swift */ = {isa = PBXFileReference; lastKnownFileType = sourcecode.swift; path = "FileManager-DocumentsDirectory.swift"; sourceTree = "<group>"; };
		928664892A858E1400950533 /* ButtonStyleView.swift */ = {isa = PBXFileReference; lastKnownFileType = sourcecode.swift; path = ButtonStyleView.swift; sourceTree = "<group>"; };
		92AFEB602A8525B20082A853 /* ConformanceComparable.swift */ = {isa = PBXFileReference; lastKnownFileType = sourcecode.swift; path = ConformanceComparable.swift; sourceTree = "<group>"; };
		92AFEB642A852CC00082A853 /* ViewStatesEnums.swift */ = {isa = PBXFileReference; lastKnownFileType = sourcecode.swift; path = ViewStatesEnums.swift; sourceTree = "<group>"; };
/* End PBXFileReference section */

/* Begin PBXFrameworksBuildPhase section */
		92160FCC2A8412860053F3B2 /* Frameworks */ = {
			isa = PBXFrameworksBuildPhase;
			buildActionMask = 2147483647;
			files = (
			);
			runOnlyForDeploymentPostprocessing = 0;
		};
/* End PBXFrameworksBuildPhase section */

/* Begin PBXGroup section */
		92160FC62A8412860053F3B2 = {
			isa = PBXGroup;
			children = (
				92160FD12A8412870053F3B2 /* BucketList */,
				92160FD02A8412870053F3B2 /* Products */,
			);
			sourceTree = "<group>";
		};
		92160FD02A8412870053F3B2 /* Products */ = {
			isa = PBXGroup;
			children = (
				92160FCF2A8412870053F3B2 /* BucketList.app */,
			);
			name = Products;
			sourceTree = "<group>";
		};
		92160FD12A8412870053F3B2 /* BucketList */ = {
			isa = PBXGroup;
			children = (
				92160FD22A8412870053F3B2 /* BucketListApp.swift */,
				928664832A85817600950533 /* ViewModel */,
				9286647E2A85582700950533 /* Models */,
				9286647D2A85582400950533 /* Views */,
				92AFEB5E2A8525330082A853 /* Courses */,
				92160FD62A8412870053F3B2 /* Assets.xcassets */,
				92160FD82A8412870053F3B2 /* Preview Content */,
			);
			path = BucketList;
			sourceTree = "<group>";
		};
		92160FD82A8412870053F3B2 /* Preview Content */ = {
			isa = PBXGroup;
			children = (
				92160FD92A8412870053F3B2 /* Preview Assets.xcassets */,
			);
			path = "Preview Content";
			sourceTree = "<group>";
		};
		9286647D2A85582400950533 /* Views */ = {
			isa = PBXGroup;
			children = (
				928664882A858E0400950533 /* Components */,
				92160FD42A8412870053F3B2 /* ContentView.swift */,
				9286647F2A85731900950533 /* EditView.swift */,
			);
			path = Views;
			sourceTree = "<group>";
		};
		9286647E2A85582700950533 /* Models */ = {
			isa = PBXGroup;
			children = (
				9286647B2A85582100950533 /* Location.swift */,
				928664812A85799B00950533 /* Result.swift */,
				928664862A8584EF00950533 /* FileManager-DocumentsDirectory.swift */,
			);
			path = Models;
			sourceTree = "<group>";
		};
		928664832A85817600950533 /* ViewModel */ = {
			isa = PBXGroup;
			children = (
				928664842A85818C00950533 /* ContentView-ViewModel.swift */,
			);
			path = ViewModel;
			sourceTree = "<group>";
		};
		928664882A858E0400950533 /* Components */ = {
			isa = PBXGroup;
			children = (
				928664892A858E1400950533 /* ButtonStyleView.swift */,
			);
			path = Components;
			sourceTree = "<group>";
		};
		92AFEB5E2A8525330082A853 /* Courses */ = {
			isa = PBXGroup;
			children = (
				92AFEB602A8525B20082A853 /* ConformanceComparable.swift */,
				92AFEB642A852CC00082A853 /* ViewStatesEnums.swift */,
				928664752A85522000950533 /* MapKitSwiftUI.swift */,
				928664772A85543E00950533 /* TouchAndFaceID.swift */,
			);
			path = Courses;
			sourceTree = "<group>";
		};
/* End PBXGroup section */

/* Begin PBXNativeTarget section */
		92160FCE2A8412860053F3B2 /* BucketList */ = {
			isa = PBXNativeTarget;
			buildConfigurationList = 92160FDD2A8412870053F3B2 /* Build configuration list for PBXNativeTarget "BucketList" */;
			buildPhases = (
				92160FCB2A8412860053F3B2 /* Sources */,
				92160FCC2A8412860053F3B2 /* Frameworks */,
				92160FCD2A8412860053F3B2 /* Resources */,
			);
			buildRules = (
			);
			dependencies = (
			);
			name = BucketList;
			productName = BucketList;
			productReference = 92160FCF2A8412870053F3B2 /* BucketList.app */;
			productType = "com.apple.product-type.application";
		};
/* End PBXNativeTarget section */

/* Begin PBXProject section */
		92160FC72A8412860053F3B2 /* Project object */ = {
			isa = PBXProject;
			attributes = {
				BuildIndependentTargetsInParallel = 1;
				LastSwiftUpdateCheck = 1430;
				LastUpgradeCheck = 1430;
				TargetAttributes = {
					92160FCE2A8412860053F3B2 = {
						CreatedOnToolsVersion = 14.3.1;
					};
				};
			};
			buildConfigurationList = 92160FCA2A8412860053F3B2 /* Build configuration list for PBXProject "BucketList" */;
			compatibilityVersion = "Xcode 14.0";
			developmentRegion = en;
			hasScannedForEncodings = 0;
			knownRegions = (
				en,
				Base,
			);
			mainGroup = 92160FC62A8412860053F3B2;
			productRefGroup = 92160FD02A8412870053F3B2 /* Products */;
			projectDirPath = "";
			projectRoot = "";
			targets = (
				92160FCE2A8412860053F3B2 /* BucketList */,
			);
		};
/* End PBXProject section */

/* Begin PBXResourcesBuildPhase section */
		92160FCD2A8412860053F3B2 /* Resources */ = {
			isa = PBXResourcesBuildPhase;
			buildActionMask = 2147483647;
			files = (
				92160FDA2A8412870053F3B2 /* Preview Assets.xcassets in Resources */,
				92160FD72A8412870053F3B2 /* Assets.xcassets in Resources */,
			);
			runOnlyForDeploymentPostprocessing = 0;
		};
/* End PBXResourcesBuildPhase section */

/* Begin PBXSourcesBuildPhase section */
		92160FCB2A8412860053F3B2 /* Sources */ = {
			isa = PBXSourcesBuildPhase;
			buildActionMask = 2147483647;
			files = (
				92160FD52A8412870053F3B2 /* ContentView.swift in Sources */,
				928664872A8584EF00950533 /* FileManager-DocumentsDirectory.swift in Sources */,
				928664782A85543E00950533 /* TouchAndFaceID.swift in Sources */,
				928664802A85731900950533 /* EditView.swift in Sources */,
				92AFEB612A8525B20082A853 /* ConformanceComparable.swift in Sources */,
				928664762A85522000950533 /* MapKitSwiftUI.swift in Sources */,
				92160FD32A8412870053F3B2 /* BucketListApp.swift in Sources */,
				92AFEB652A852CC00082A853 /* ViewStatesEnums.swift in Sources */,
				928664852A85818C00950533 /* ContentView-ViewModel.swift in Sources */,
				9286648A2A858E1400950533 /* ButtonStyleView.swift in Sources */,
				928664822A85799B00950533 /* Result.swift in Sources */,
				9286647C2A85582100950533 /* Location.swift in Sources */,
			);
			runOnlyForDeploymentPostprocessing = 0;
		};
/* End PBXSourcesBuildPhase section */

/* Begin XCBuildConfiguration section */
		92160FDB2A8412870053F3B2 /* Debug */ = {
			isa = XCBuildConfiguration;
			buildSettings = {
				ALWAYS_SEARCH_USER_PATHS = NO;
				CLANG_ANALYZER_NONNULL = YES;
				CLANG_ANALYZER_NUMBER_OBJECT_CONVERSION = YES_AGGRESSIVE;
				CLANG_CXX_LANGUAGE_STANDARD = "gnu++20";
				CLANG_ENABLE_MODULES = YES;
				CLANG_ENABLE_OBJC_ARC = YES;
				CLANG_ENABLE_OBJC_WEAK = YES;
				CLANG_WARN_BLOCK_CAPTURE_AUTORELEASING = YES;
				CLANG_WARN_BOOL_CONVERSION = YES;
				CLANG_WARN_COMMA = YES;
				CLANG_WARN_CONSTANT_CONVERSION = YES;
				CLANG_WARN_DEPRECATED_OBJC_IMPLEMENTATIONS = YES;
				CLANG_WARN_DIRECT_OBJC_ISA_USAGE = YES_ERROR;
				CLANG_WARN_DOCUMENTATION_COMMENTS = YES;
				CLANG_WARN_EMPTY_BODY = YES;
				CLANG_WARN_ENUM_CONVERSION = YES;
				CLANG_WARN_INFINITE_RECURSION = YES;
				CLANG_WARN_INT_CONVERSION = YES;
				CLANG_WARN_NON_LITERAL_NULL_CONVERSION = YES;
				CLANG_WARN_OBJC_IMPLICIT_RETAIN_SELF = YES;
				CLANG_WARN_OBJC_LITERAL_CONVERSION = YES;
				CLANG_WARN_OBJC_ROOT_CLASS = YES_ERROR;
				CLANG_WARN_QUOTED_INCLUDE_IN_FRAMEWORK_HEADER = YES;
				CLANG_WARN_RANGE_LOOP_ANALYSIS = YES;
				CLANG_WARN_STRICT_PROTOTYPES = YES;
				CLANG_WARN_SUSPICIOUS_MOVE = YES;
				CLANG_WARN_UNGUARDED_AVAILABILITY = YES_AGGRESSIVE;
				CLANG_WARN_UNREACHABLE_CODE = YES;
				CLANG_WARN__DUPLICATE_METHOD_MATCH = YES;
				COPY_PHASE_STRIP = NO;
				DEBUG_INFORMATION_FORMAT = dwarf;
				ENABLE_STRICT_OBJC_MSGSEND = YES;
				ENABLE_TESTABILITY = YES;
				GCC_C_LANGUAGE_STANDARD = gnu11;
				GCC_DYNAMIC_NO_PIC = NO;
				GCC_NO_COMMON_BLOCKS = YES;
				GCC_OPTIMIZATION_LEVEL = 0;
				GCC_PREPROCESSOR_DEFINITIONS = (
					"DEBUG=1",
					"$(inherited)",
				);
				GCC_WARN_64_TO_32_BIT_CONVERSION = YES;
				GCC_WARN_ABOUT_RETURN_TYPE = YES_ERROR;
				GCC_WARN_UNDECLARED_SELECTOR = YES;
				GCC_WARN_UNINITIALIZED_AUTOS = YES_AGGRESSIVE;
				GCC_WARN_UNUSED_FUNCTION = YES;
				GCC_WARN_UNUSED_VARIABLE = YES;
				IPHONEOS_DEPLOYMENT_TARGET = 16.4;
				MTL_ENABLE_DEBUG_INFO = INCLUDE_SOURCE;
				MTL_FAST_MATH = YES;
				ONLY_ACTIVE_ARCH = YES;
				SDKROOT = iphoneos;
				SWIFT_ACTIVE_COMPILATION_CONDITIONS = DEBUG;
				SWIFT_OPTIMIZATION_LEVEL = "-Onone";
			};
			name = Debug;
		};
		92160FDC2A8412870053F3B2 /* Release */ = {
			isa = XCBuildConfiguration;
			buildSettings = {
				ALWAYS_SEARCH_USER_PATHS = NO;
				CLANG_ANALYZER_NONNULL = YES;
				CLANG_ANALYZER_NUMBER_OBJECT_CONVERSION = YES_AGGRESSIVE;
				CLANG_CXX_LANGUAGE_STANDARD = "gnu++20";
				CLANG_ENABLE_MODULES = YES;
				CLANG_ENABLE_OBJC_ARC = YES;
				CLANG_ENABLE_OBJC_WEAK = YES;
				CLANG_WARN_BLOCK_CAPTURE_AUTORELEASING = YES;
				CLANG_WARN_BOOL_CONVERSION = YES;
				CLANG_WARN_COMMA = YES;
				CLANG_WARN_CONSTANT_CONVERSION = YES;
				CLANG_WARN_DEPRECATED_OBJC_IMPLEMENTATIONS = YES;
				CLANG_WARN_DIRECT_OBJC_ISA_USAGE = YES_ERROR;
				CLANG_WARN_DOCUMENTATION_COMMENTS = YES;
				CLANG_WARN_EMPTY_BODY = YES;
				CLANG_WARN_ENUM_CONVERSION = YES;
				CLANG_WARN_INFINITE_RECURSION = YES;
				CLANG_WARN_INT_CONVERSION = YES;
				CLANG_WARN_NON_LITERAL_NULL_CONVERSION = YES;
				CLANG_WARN_OBJC_IMPLICIT_RETAIN_SELF = YES;
				CLANG_WARN_OBJC_LITERAL_CONVERSION = YES;
				CLANG_WARN_OBJC_ROOT_CLASS = YES_ERROR;
				CLANG_WARN_QUOTED_INCLUDE_IN_FRAMEWORK_HEADER = YES;
				CLANG_WARN_RANGE_LOOP_ANALYSIS = YES;
				CLANG_WARN_STRICT_PROTOTYPES = YES;
				CLANG_WARN_SUSPICIOUS_MOVE = YES;
				CLANG_WARN_UNGUARDED_AVAILABILITY = YES_AGGRESSIVE;
				CLANG_WARN_UNREACHABLE_CODE = YES;
				CLANG_WARN__DUPLICATE_METHOD_MATCH = YES;
				COPY_PHASE_STRIP = NO;
				DEBUG_INFORMATION_FORMAT = "dwarf-with-dsym";
				ENABLE_NS_ASSERTIONS = NO;
				ENABLE_STRICT_OBJC_MSGSEND = YES;
				GCC_C_LANGUAGE_STANDARD = gnu11;
				GCC_NO_COMMON_BLOCKS = YES;
				GCC_WARN_64_TO_32_BIT_CONVERSION = YES;
				GCC_WARN_ABOUT_RETURN_TYPE = YES_ERROR;
				GCC_WARN_UNDECLARED_SELECTOR = YES;
				GCC_WARN_UNINITIALIZED_AUTOS = YES_AGGRESSIVE;
				GCC_WARN_UNUSED_FUNCTION = YES;
				GCC_WARN_UNUSED_VARIABLE = YES;
				IPHONEOS_DEPLOYMENT_TARGET = 16.4;
				MTL_ENABLE_DEBUG_INFO = NO;
				MTL_FAST_MATH = YES;
				SDKROOT = iphoneos;
				SWIFT_COMPILATION_MODE = wholemodule;
				SWIFT_OPTIMIZATION_LEVEL = "-O";
				VALIDATE_PRODUCT = YES;
			};
			name = Release;
		};
		92160FDE2A8412870053F3B2 /* Debug */ = {
			isa = XCBuildConfiguration;
			buildSettings = {
				ASSETCATALOG_COMPILER_APPICON_NAME = AppIcon;
				ASSETCATALOG_COMPILER_GLOBAL_ACCENT_COLOR_NAME = AccentColor;
				CODE_SIGN_STYLE = Automatic;
				CURRENT_PROJECT_VERSION = 1;
				DEVELOPMENT_ASSET_PATHS = "\"BucketList/Preview Content\"";
				DEVELOPMENT_TEAM = 2VP2J2SZVR;
				ENABLE_PREVIEWS = YES;
				GENERATE_INFOPLIST_FILE = YES;
				INFOPLIST_KEY_NSFaceIDUsageDescription = "\"We need to unlock your data\"";
				INFOPLIST_KEY_UIApplicationSceneManifest_Generation = YES;
				INFOPLIST_KEY_UIApplicationSupportsIndirectInputEvents = YES;
				INFOPLIST_KEY_UILaunchScreen_Generation = YES;
				INFOPLIST_KEY_UISupportedInterfaceOrientations_iPad = "UIInterfaceOrientationPortrait UIInterfaceOrientationPortraitUpsideDown UIInterfaceOrientationLandscapeLeft UIInterfaceOrientationLandscapeRight";
				INFOPLIST_KEY_UISupportedInterfaceOrientations_iPhone = "UIInterfaceOrientationPortrait UIInterfaceOrientationLandscapeLeft UIInterfaceOrientationLandscapeRight";
				LD_RUNPATH_SEARCH_PATHS = (
					"$(inherited)",
					"@executable_path/Frameworks",
				);
				MARKETING_VERSION = 1.0;
				PRODUCT_BUNDLE_IDENTIFIER = carolanelfbv.BucketList;
				PRODUCT_NAME = "$(TARGET_NAME)";
				SWIFT_EMIT_LOC_STRINGS = YES;
				SWIFT_VERSION = 5.0;
				TARGETED_DEVICE_FAMILY = "1,2";
			};
			name = Debug;
		};
		92160FDF2A8412870053F3B2 /* Release */ = {
			isa = XCBuildConfiguration;
			buildSettings = {
				ASSETCATALOG_COMPILER_APPICON_NAME = AppIcon;
				ASSETCATALOG_COMPILER_GLOBAL_ACCENT_COLOR_NAME = AccentColor;
				CODE_SIGN_STYLE = Automatic;
				CURRENT_PROJECT_VERSION = 1;
				DEVELOPMENT_ASSET_PATHS = "\"BucketList/Preview Content\"";
				DEVELOPMENT_TEAM = 2VP2J2SZVR;
				ENABLE_PREVIEWS = YES;
				GENERATE_INFOPLIST_FILE = YES;
				INFOPLIST_KEY_NSFaceIDUsageDescription = "\"We need to unlock your data\"";
				INFOPLIST_KEY_UIApplicationSceneManifest_Generation = YES;
				INFOPLIST_KEY_UIApplicationSupportsIndirectInputEvents = YES;
				INFOPLIST_KEY_UILaunchScreen_Generation = YES;
				INFOPLIST_KEY_UISupportedInterfaceOrientations_iPad = "UIInterfaceOrientationPortrait UIInterfaceOrientationPortraitUpsideDown UIInterfaceOrientationLandscapeLeft UIInterfaceOrientationLandscapeRight";
				INFOPLIST_KEY_UISupportedInterfaceOrientations_iPhone = "UIInterfaceOrientationPortrait UIInterfaceOrientationLandscapeLeft UIInterfaceOrientationLandscapeRight";
				LD_RUNPATH_SEARCH_PATHS = (
					"$(inherited)",
					"@executable_path/Frameworks",
				);
				MARKETING_VERSION = 1.0;
				PRODUCT_BUNDLE_IDENTIFIER = carolanelfbv.BucketList;
				PRODUCT_NAME = "$(TARGET_NAME)";
				SWIFT_EMIT_LOC_STRINGS = YES;
				SWIFT_VERSION = 5.0;
				TARGETED_DEVICE_FAMILY = "1,2";
			};
			name = Release;
		};
/* End XCBuildConfiguration section */

/* Begin XCConfigurationList section */
		92160FCA2A8412860053F3B2 /* Build configuration list for PBXProject "BucketList" */ = {
			isa = XCConfigurationList;
			buildConfigurations = (
				92160FDB2A8412870053F3B2 /* Debug */,
				92160FDC2A8412870053F3B2 /* Release */,
			);
			defaultConfigurationIsVisible = 0;
			defaultConfigurationName = Release;
		};
		92160FDD2A8412870053F3B2 /* Build configuration list for PBXNativeTarget "BucketList" */ = {
			isa = XCConfigurationList;
			buildConfigurations = (
				92160FDE2A8412870053F3B2 /* Debug */,
				92160FDF2A8412870053F3B2 /* Release */,
			);
			defaultConfigurationIsVisible = 0;
			defaultConfigurationName = Release;
		};
/* End XCConfigurationList section */
	};
	rootObject = 92160FC72A8412860053F3B2 /* Project object */;
}
