// !$*UTF8*$!
{
	archiveVersion = 1;
	classes = {
	};
	objectVersion = 56;
	objects = {

/* Begin PBXBuildFile section */
		51381E6029942C3000F2D082 /* EditView.swift in Sources */ = {isa = PBXBuildFile; fileRef = 51381E5F29942C3000F2D082 /* EditView.swift */; };
		51381E6229942FA900F2D082 /* Result.swift in Sources */ = {isa = PBXBuildFile; fileRef = 51381E6129942FA900F2D082 /* Result.swift */; };
		514897D72992AD4800276831 /* AppState.swift in Sources */ = {isa = PBXBuildFile; fileRef = 514897D62992AD4800276831 /* AppState.swift */; };
		514897D92992AE3900276831 /* DocumentDirectory.swift in Sources */ = {isa = PBXBuildFile; fileRef = 514897D82992AE3900276831 /* DocumentDirectory.swift */; };
		514897DB2992AEAC00276831 /* Location.swift in Sources */ = {isa = PBXBuildFile; fileRef = 514897DA2992AEAC00276831 /* Location.swift */; };
		51A08271299D3926007B0813 /* EditViewModel.swift in Sources */ = {isa = PBXBuildFile; fileRef = 51A08270299D3926007B0813 /* EditViewModel.swift */; };
		51B997EB299BE4E700E7D0AC /* ViewModel.swift in Sources */ = {isa = PBXBuildFile; fileRef = 51B997EA299BE4E700E7D0AC /* ViewModel.swift */; };
		51B997EF299BE89B00E7D0AC /* FileManager-DocumentsDirectory.swift in Sources */ = {isa = PBXBuildFile; fileRef = 51B997EE299BE89B00E7D0AC /* FileManager-DocumentsDirectory.swift */; };
		51E8C43E2991901D00603450 /* BucketListApp.swift in Sources */ = {isa = PBXBuildFile; fileRef = 51E8C43D2991901D00603450 /* BucketListApp.swift */; };
		51E8C4402991901D00603450 /* ContentView.swift in Sources */ = {isa = PBXBuildFile; fileRef = 51E8C43F2991901D00603450 /* ContentView.swift */; };
		51E8C4422991901D00603450 /* Assets.xcassets in Resources */ = {isa = PBXBuildFile; fileRef = 51E8C4412991901D00603450 /* Assets.xcassets */; };
		51E8C4452991901D00603450 /* Preview Assets.xcassets in Resources */ = {isa = PBXBuildFile; fileRef = 51E8C4442991901D00603450 /* Preview Assets.xcassets */; };
		51E8C44D2991929800603450 /* ComparableCustomType.swift in Sources */ = {isa = PBXBuildFile; fileRef = 51E8C44C2991929800603450 /* ComparableCustomType.swift */; };
/* End PBXBuildFile section */

/* Begin PBXFileReference section */
		51381E5F29942C3000F2D082 /* EditView.swift */ = {isa = PBXFileReference; lastKnownFileType = sourcecode.swift; path = EditView.swift; sourceTree = "<group>"; };
		51381E6129942FA900F2D082 /* Result.swift */ = {isa = PBXFileReference; lastKnownFileType = sourcecode.swift; path = Result.swift; sourceTree = "<group>"; };
		514897D62992AD4800276831 /* AppState.swift */ = {isa = PBXFileReference; lastKnownFileType = sourcecode.swift; path = AppState.swift; sourceTree = "<group>"; };
		514897D82992AE3900276831 /* DocumentDirectory.swift */ = {isa = PBXFileReference; lastKnownFileType = sourcecode.swift; path = DocumentDirectory.swift; sourceTree = "<group>"; };
		514897DA2992AEAC00276831 /* Location.swift */ = {isa = PBXFileReference; lastKnownFileType = sourcecode.swift; path = Location.swift; sourceTree = "<group>"; };
		51A08270299D3926007B0813 /* EditViewModel.swift */ = {isa = PBXFileReference; lastKnownFileType = sourcecode.swift; path = EditViewModel.swift; sourceTree = "<group>"; };
		51B997EA299BE4E700E7D0AC /* ViewModel.swift */ = {isa = PBXFileReference; lastKnownFileType = sourcecode.swift; path = ViewModel.swift; sourceTree = "<group>"; };
		51B997EE299BE89B00E7D0AC /* FileManager-DocumentsDirectory.swift */ = {isa = PBXFileReference; lastKnownFileType = sourcecode.swift; path = "FileManager-DocumentsDirectory.swift"; sourceTree = "<group>"; };
		51E8C43A2991901D00603450 /* BucketList.app */ = {isa = PBXFileReference; explicitFileType = wrapper.application; includeInIndex = 0; path = BucketList.app; sourceTree = BUILT_PRODUCTS_DIR; };
		51E8C43D2991901D00603450 /* BucketListApp.swift */ = {isa = PBXFileReference; lastKnownFileType = sourcecode.swift; path = BucketListApp.swift; sourceTree = "<group>"; };
		51E8C43F2991901D00603450 /* ContentView.swift */ = {isa = PBXFileReference; lastKnownFileType = sourcecode.swift; path = ContentView.swift; sourceTree = "<group>"; };
		51E8C4412991901D00603450 /* Assets.xcassets */ = {isa = PBXFileReference; lastKnownFileType = folder.assetcatalog; path = Assets.xcassets; sourceTree = "<group>"; };
		51E8C4442991901D00603450 /* Preview Assets.xcassets */ = {isa = PBXFileReference; lastKnownFileType = folder.assetcatalog; path = "Preview Assets.xcassets"; sourceTree = "<group>"; };
		51E8C44C2991929800603450 /* ComparableCustomType.swift */ = {isa = PBXFileReference; lastKnownFileType = sourcecode.swift; path = ComparableCustomType.swift; sourceTree = "<group>"; };
/* End PBXFileReference section */

/* Begin PBXFrameworksBuildPhase section */
		51E8C4372991901D00603450 /* Frameworks */ = {
			isa = PBXFrameworksBuildPhase;
			buildActionMask = 2147483647;
			files = (
			);
			runOnlyForDeploymentPostprocessing = 0;
		};
/* End PBXFrameworksBuildPhase section */

/* Begin PBXGroup section */
		51A0826E299D3909007B0813 /* ViewModels */ = {
			isa = PBXGroup;
			children = (
				51B997EA299BE4E700E7D0AC /* ViewModel.swift */,
				51A08270299D3926007B0813 /* EditViewModel.swift */,
			);
			path = ViewModels;
			sourceTree = "<group>";
		};
		51A0826F299D390E007B0813 /* Models */ = {
			isa = PBXGroup;
			children = (
				51381E6129942FA900F2D082 /* Result.swift */,
				514897DA2992AEAC00276831 /* Location.swift */,
			);
			path = Models;
			sourceTree = "<group>";
		};
		51B997EC299BE4E800E7D0AC /* Models */ = {
			isa = PBXGroup;
			children = (
				51A0826F299D390E007B0813 /* Models */,
				51A0826E299D3909007B0813 /* ViewModels */,
				51B997EE299BE89B00E7D0AC /* FileManager-DocumentsDirectory.swift */,
			);
			path = Models;
			sourceTree = "<group>";
		};
		51B997ED299BE4F600E7D0AC /* Views */ = {
			isa = PBXGroup;
			children = (
				51E8C43F2991901D00603450 /* ContentView.swift */,
				51381E5F29942C3000F2D082 /* EditView.swift */,
			);
			path = Views;
			sourceTree = "<group>";
		};
		51E8C4312991901D00603450 = {
			isa = PBXGroup;
			children = (
				51E8C43C2991901D00603450 /* BucketList */,
				51E8C43B2991901D00603450 /* Products */,
			);
			sourceTree = "<group>";
		};
		51E8C43B2991901D00603450 /* Products */ = {
			isa = PBXGroup;
			children = (
				51E8C43A2991901D00603450 /* BucketList.app */,
			);
			name = Products;
			sourceTree = "<group>";
		};
		51E8C43C2991901D00603450 /* BucketList */ = {
			isa = PBXGroup;
			children = (
				51E8C44B2991927A00603450 /* Lessons */,
				51E8C43D2991901D00603450 /* BucketListApp.swift */,
				51B997ED299BE4F600E7D0AC /* Views */,
				51B997EC299BE4E800E7D0AC /* Models */,
				51E8C4412991901D00603450 /* Assets.xcassets */,
				51E8C4432991901D00603450 /* Preview Content */,
			);
			path = BucketList;
			sourceTree = "<group>";
		};
		51E8C4432991901D00603450 /* Preview Content */ = {
			isa = PBXGroup;
			children = (
				51E8C4442991901D00603450 /* Preview Assets.xcassets */,
			);
			path = "Preview Content";
			sourceTree = "<group>";
		};
		51E8C44B2991927A00603450 /* Lessons */ = {
			isa = PBXGroup;
			children = (
				514897D62992AD4800276831 /* AppState.swift */,
				51E8C44C2991929800603450 /* ComparableCustomType.swift */,
				514897D82992AE3900276831 /* DocumentDirectory.swift */,
			);
			path = Lessons;
			sourceTree = "<group>";
		};
/* End PBXGroup section */

/* Begin PBXNativeTarget section */
		51E8C4392991901D00603450 /* BucketList */ = {
			isa = PBXNativeTarget;
			buildConfigurationList = 51E8C4482991901D00603450 /* Build configuration list for PBXNativeTarget "BucketList" */;
			buildPhases = (
				51E8C4362991901D00603450 /* Sources */,
				51E8C4372991901D00603450 /* Frameworks */,
				51E8C4382991901D00603450 /* Resources */,
			);
			buildRules = (
			);
			dependencies = (
			);
			name = BucketList;
			productName = BucketList;
			productReference = 51E8C43A2991901D00603450 /* BucketList.app */;
			productType = "com.apple.product-type.application";
		};
/* End PBXNativeTarget section */

/* Begin PBXProject section */
		51E8C4322991901D00603450 /* Project object */ = {
			isa = PBXProject;
			attributes = {
				BuildIndependentTargetsInParallel = 1;
				LastSwiftUpdateCheck = 1420;
				LastUpgradeCheck = 1420;
				TargetAttributes = {
					51E8C4392991901D00603450 = {
						CreatedOnToolsVersion = 14.2;
					};
				};
			};
			buildConfigurationList = 51E8C4352991901D00603450 /* Build configuration list for PBXProject "BucketList" */;
			compatibilityVersion = "Xcode 14.0";
			developmentRegion = en;
			hasScannedForEncodings = 0;
			knownRegions = (
				en,
				Base,
			);
			mainGroup = 51E8C4312991901D00603450;
			productRefGroup = 51E8C43B2991901D00603450 /* Products */;
			projectDirPath = "";
			projectRoot = "";
			targets = (
				51E8C4392991901D00603450 /* BucketList */,
			);
		};
/* End PBXProject section */

/* Begin PBXResourcesBuildPhase section */
		51E8C4382991901D00603450 /* Resources */ = {
			isa = PBXResourcesBuildPhase;
			buildActionMask = 2147483647;
			files = (
				51E8C4452991901D00603450 /* Preview Assets.xcassets in Resources */,
				51E8C4422991901D00603450 /* Assets.xcassets in Resources */,
			);
			runOnlyForDeploymentPostprocessing = 0;
		};
/* End PBXResourcesBuildPhase section */

/* Begin PBXSourcesBuildPhase section */
		51E8C4362991901D00603450 /* Sources */ = {
			isa = PBXSourcesBuildPhase;
			buildActionMask = 2147483647;
			files = (
				51E8C4402991901D00603450 /* ContentView.swift in Sources */,
				51B997EB299BE4E700E7D0AC /* ViewModel.swift in Sources */,
				51E8C43E2991901D00603450 /* BucketListApp.swift in Sources */,
				514897D92992AE3900276831 /* DocumentDirectory.swift in Sources */,
				51E8C44D2991929800603450 /* ComparableCustomType.swift in Sources */,
				51381E6029942C3000F2D082 /* EditView.swift in Sources */,
				51B997EF299BE89B00E7D0AC /* FileManager-DocumentsDirectory.swift in Sources */,
				514897DB2992AEAC00276831 /* Location.swift in Sources */,
				51A08271299D3926007B0813 /* EditViewModel.swift in Sources */,
				51381E6229942FA900F2D082 /* Result.swift in Sources */,
				514897D72992AD4800276831 /* AppState.swift in Sources */,
			);
			runOnlyForDeploymentPostprocessing = 0;
		};
/* End PBXSourcesBuildPhase section */

/* Begin XCBuildConfiguration section */
		51E8C4462991901D00603450 /* Debug */ = {
			isa = XCBuildConfiguration;
			buildSettings = {
				ALWAYS_SEARCH_USER_PATHS = NO;
				CLANG_ANALYZER_NONNULL = YES;
				CLANG_ANALYZER_NUMBER_OBJECT_CONVERSION = YES_AGGRESSIVE;
				CLANG_CXX_LANGUAGE_STANDARD = "gnu++20";
				CLANG_ENABLE_MODULES = YES;
				CLANG_ENABLE_OBJC_ARC = YES;
				CLANG_ENABLE_OBJC_WEAK = YES;
				CLANG_WARN_BLOCK_CAPTURE_AUTORELEASING = YES;
				CLANG_WARN_BOOL_CONVERSION = YES;
				CLANG_WARN_COMMA = YES;
				CLANG_WARN_CONSTANT_CONVERSION = YES;
				CLANG_WARN_DEPRECATED_OBJC_IMPLEMENTATIONS = YES;
				CLANG_WARN_DIRECT_OBJC_ISA_USAGE = YES_ERROR;
				CLANG_WARN_DOCUMENTATION_COMMENTS = YES;
				CLANG_WARN_EMPTY_BODY = YES;
				CLANG_WARN_ENUM_CONVERSION = YES;
				CLANG_WARN_INFINITE_RECURSION = YES;
				CLANG_WARN_INT_CONVERSION = YES;
				CLANG_WARN_NON_LITERAL_NULL_CONVERSION = YES;
				CLANG_WARN_OBJC_IMPLICIT_RETAIN_SELF = YES;
				CLANG_WARN_OBJC_LITERAL_CONVERSION = YES;
				CLANG_WARN_OBJC_ROOT_CLASS = YES_ERROR;
				CLANG_WARN_QUOTED_INCLUDE_IN_FRAMEWORK_HEADER = YES;
				CLANG_WARN_RANGE_LOOP_ANALYSIS = YES;
				CLANG_WARN_STRICT_PROTOTYPES = YES;
				CLANG_WARN_SUSPICIOUS_MOVE = YES;
				CLANG_WARN_UNGUARDED_AVAILABILITY = YES_AGGRESSIVE;
				CLANG_WARN_UNREACHABLE_CODE = YES;
				CLANG_WARN__DUPLICATE_METHOD_MATCH = YES;
				COPY_PHASE_STRIP = NO;
				DEBUG_INFORMATION_FORMAT = dwarf;
				ENABLE_STRICT_OBJC_MSGSEND = YES;
				ENABLE_TESTABILITY = YES;
				GCC_C_LANGUAGE_STANDARD = gnu11;
				GCC_DYNAMIC_NO_PIC = NO;
				GCC_NO_COMMON_BLOCKS = YES;
				GCC_OPTIMIZATION_LEVEL = 0;
				GCC_PREPROCESSOR_DEFINITIONS = (
					"DEBUG=1",
					"$(inherited)",
				);
				GCC_WARN_64_TO_32_BIT_CONVERSION = YES;
				GCC_WARN_ABOUT_RETURN_TYPE = YES_ERROR;
				GCC_WARN_UNDECLARED_SELECTOR = YES;
				GCC_WARN_UNINITIALIZED_AUTOS = YES_AGGRESSIVE;
				GCC_WARN_UNUSED_FUNCTION = YES;
				GCC_WARN_UNUSED_VARIABLE = YES;
				IPHONEOS_DEPLOYMENT_TARGET = 16.2;
				MTL_ENABLE_DEBUG_INFO = INCLUDE_SOURCE;
				MTL_FAST_MATH = YES;
				ONLY_ACTIVE_ARCH = YES;
				SDKROOT = iphoneos;
				SWIFT_ACTIVE_COMPILATION_CONDITIONS = DEBUG;
				SWIFT_OPTIMIZATION_LEVEL = "-Onone";
			};
			name = Debug;
		};
		51E8C4472991901D00603450 /* Release */ = {
			isa = XCBuildConfiguration;
			buildSettings = {
				ALWAYS_SEARCH_USER_PATHS = NO;
				CLANG_ANALYZER_NONNULL = YES;
				CLANG_ANALYZER_NUMBER_OBJECT_CONVERSION = YES_AGGRESSIVE;
				CLANG_CXX_LANGUAGE_STANDARD = "gnu++20";
				CLANG_ENABLE_MODULES = YES;
				CLANG_ENABLE_OBJC_ARC = YES;
				CLANG_ENABLE_OBJC_WEAK = YES;
				CLANG_WARN_BLOCK_CAPTURE_AUTORELEASING = YES;
				CLANG_WARN_BOOL_CONVERSION = YES;
				CLANG_WARN_COMMA = YES;
				CLANG_WARN_CONSTANT_CONVERSION = YES;
				CLANG_WARN_DEPRECATED_OBJC_IMPLEMENTATIONS = YES;
				CLANG_WARN_DIRECT_OBJC_ISA_USAGE = YES_ERROR;
				CLANG_WARN_DOCUMENTATION_COMMENTS = YES;
				CLANG_WARN_EMPTY_BODY = YES;
				CLANG_WARN_ENUM_CONVERSION = YES;
				CLANG_WARN_INFINITE_RECURSION = YES;
				CLANG_WARN_INT_CONVERSION = YES;
				CLANG_WARN_NON_LITERAL_NULL_CONVERSION = YES;
				CLANG_WARN_OBJC_IMPLICIT_RETAIN_SELF = YES;
				CLANG_WARN_OBJC_LITERAL_CONVERSION = YES;
				CLANG_WARN_OBJC_ROOT_CLASS = YES_ERROR;
				CLANG_WARN_QUOTED_INCLUDE_IN_FRAMEWORK_HEADER = YES;
				CLANG_WARN_RANGE_LOOP_ANALYSIS = YES;
				CLANG_WARN_STRICT_PROTOTYPES = YES;
				CLANG_WARN_SUSPICIOUS_MOVE = YES;
				CLANG_WARN_UNGUARDED_AVAILABILITY = YES_AGGRESSIVE;
				CLANG_WARN_UNREACHABLE_CODE = YES;
				CLANG_WARN__DUPLICATE_METHOD_MATCH = YES;
				COPY_PHASE_STRIP = NO;
				DEBUG_INFORMATION_FORMAT = "dwarf-with-dsym";
				ENABLE_NS_ASSERTIONS = NO;
				ENABLE_STRICT_OBJC_MSGSEND = YES;
				GCC_C_LANGUAGE_STANDARD = gnu11;
				GCC_NO_COMMON_BLOCKS = YES;
				GCC_WARN_64_TO_32_BIT_CONVERSION = YES;
				GCC_WARN_ABOUT_RETURN_TYPE = YES_ERROR;
				GCC_WARN_UNDECLARED_SELECTOR = YES;
				GCC_WARN_UNINITIALIZED_AUTOS = YES_AGGRESSIVE;
				GCC_WARN_UNUSED_FUNCTION = YES;
				GCC_WARN_UNUSED_VARIABLE = YES;
				IPHONEOS_DEPLOYMENT_TARGET = 16.2;
				MTL_ENABLE_DEBUG_INFO = NO;
				MTL_FAST_MATH = YES;
				SDKROOT = iphoneos;
				SWIFT_COMPILATION_MODE = wholemodule;
				SWIFT_OPTIMIZATION_LEVEL = "-O";
				VALIDATE_PRODUCT = YES;
			};
			name = Release;
		};
		51E8C4492991901D00603450 /* Debug */ = {
			isa = XCBuildConfiguration;
			buildSettings = {
				ASSETCATALOG_COMPILER_APPICON_NAME = AppIcon;
				ASSETCATALOG_COMPILER_GLOBAL_ACCENT_COLOR_NAME = AccentColor;
				CODE_SIGN_STYLE = Automatic;
				CURRENT_PROJECT_VERSION = 1;
				DEVELOPMENT_ASSET_PATHS = "\"BucketList/Preview Content\"";
				DEVELOPMENT_TEAM = 2VP2J2SZVR;
				ENABLE_PREVIEWS = YES;
				GENERATE_INFOPLIST_FILE = YES;
				INFOPLIST_KEY_NSFaceIDUsageDescription = "We would like to use Face ID to protect your data";
				INFOPLIST_KEY_UIApplicationSceneManifest_Generation = YES;
				INFOPLIST_KEY_UIApplicationSupportsIndirectInputEvents = YES;
				INFOPLIST_KEY_UILaunchScreen_Generation = YES;
				INFOPLIST_KEY_UISupportedInterfaceOrientations_iPad = "UIInterfaceOrientationPortrait UIInterfaceOrientationPortraitUpsideDown UIInterfaceOrientationLandscapeLeft UIInterfaceOrientationLandscapeRight";
				INFOPLIST_KEY_UISupportedInterfaceOrientations_iPhone = "UIInterfaceOrientationPortrait UIInterfaceOrientationLandscapeLeft UIInterfaceOrientationLandscapeRight";
				LD_RUNPATH_SEARCH_PATHS = (
					"$(inherited)",
					"@executable_path/Frameworks",
				);
				MARKETING_VERSION = 1.0;
				PRODUCT_BUNDLE_IDENTIFIER = carolanelefebvre.BucketList;
				PRODUCT_NAME = "$(TARGET_NAME)";
				SWIFT_EMIT_LOC_STRINGS = YES;
				SWIFT_VERSION = 5.0;
				TARGETED_DEVICE_FAMILY = "1,2";
			};
			name = Debug;
		};
		51E8C44A2991901D00603450 /* Release */ = {
			isa = XCBuildConfiguration;
			buildSettings = {
				ASSETCATALOG_COMPILER_APPICON_NAME = AppIcon;
				ASSETCATALOG_COMPILER_GLOBAL_ACCENT_COLOR_NAME = AccentColor;
				CODE_SIGN_STYLE = Automatic;
				CURRENT_PROJECT_VERSION = 1;
				DEVELOPMENT_ASSET_PATHS = "\"BucketList/Preview Content\"";
				DEVELOPMENT_TEAM = 2VP2J2SZVR;
				ENABLE_PREVIEWS = YES;
				GENERATE_INFOPLIST_FILE = YES;
				INFOPLIST_KEY_NSFaceIDUsageDescription = "We would like to use Face ID to protect your data";
				INFOPLIST_KEY_UIApplicationSceneManifest_Generation = YES;
				INFOPLIST_KEY_UIApplicationSupportsIndirectInputEvents = YES;
				INFOPLIST_KEY_UILaunchScreen_Generation = YES;
				INFOPLIST_KEY_UISupportedInterfaceOrientations_iPad = "UIInterfaceOrientationPortrait UIInterfaceOrientationPortraitUpsideDown UIInterfaceOrientationLandscapeLeft UIInterfaceOrientationLandscapeRight";
				INFOPLIST_KEY_UISupportedInterfaceOrientations_iPhone = "UIInterfaceOrientationPortrait UIInterfaceOrientationLandscapeLeft UIInterfaceOrientationLandscapeRight";
				LD_RUNPATH_SEARCH_PATHS = (
					"$(inherited)",
					"@executable_path/Frameworks",
				);
				MARKETING_VERSION = 1.0;
				PRODUCT_BUNDLE_IDENTIFIER = carolanelefebvre.BucketList;
				PRODUCT_NAME = "$(TARGET_NAME)";
				SWIFT_EMIT_LOC_STRINGS = YES;
				SWIFT_VERSION = 5.0;
				TARGETED_DEVICE_FAMILY = "1,2";
			};
			name = Release;
		};
/* End XCBuildConfiguration section */

/* Begin XCConfigurationList section */
		51E8C4352991901D00603450 /* Build configuration list for PBXProject "BucketList" */ = {
			isa = XCConfigurationList;
			buildConfigurations = (
				51E8C4462991901D00603450 /* Debug */,
				51E8C4472991901D00603450 /* Release */,
			);
			defaultConfigurationIsVisible = 0;
			defaultConfigurationName = Release;
		};
		51E8C4482991901D00603450 /* Build configuration list for PBXNativeTarget "BucketList" */ = {
			isa = XCConfigurationList;
			buildConfigurations = (
				51E8C4492991901D00603450 /* Debug */,
				51E8C44A2991901D00603450 /* Release */,
			);
			defaultConfigurationIsVisible = 0;
			defaultConfigurationName = Release;
		};
/* End XCConfigurationList section */
	};
	rootObject = 51E8C4322991901D00603450 /* Project object */;
}
