// !$*UTF8*$!
{
	archiveVersion = 1;
	classes = {
	};
	objectVersion = 56;
	objects = {

/* Begin PBXBuildFile section */
		9272E9852A94B53100C0C592 /* RectangleCircle.swift in Sources */ = {isa = PBXBuildFile; fileRef = 9272E9842A94B53100C0C592 /* RectangleCircle.swift */; };
		9272E9872A94B72B00C0C592 /* Spacers.swift in Sources */ = {isa = PBXBuildFile; fileRef = 9272E9862A94B72B00C0C592 /* Spacers.swift */; };
		9272E98A2A94B7D900C0C592 /* TriggerTimer.swift in Sources */ = {isa = PBXBuildFile; fileRef = 9272E9892A94B7D900C0C592 /* TriggerTimer.swift */; };
		9272E98C2A94BA8700C0C592 /* TimerTolerance.swift in Sources */ = {isa = PBXBuildFile; fileRef = 9272E98B2A94BA8700C0C592 /* TimerTolerance.swift */; };
		9272E98F2A94C65000C0C592 /* BackgroundNotification.swift in Sources */ = {isa = PBXBuildFile; fileRef = 9272E98E2A94C65000C0C592 /* BackgroundNotification.swift */; };
		9272E9922A94C76400C0C592 /* WithoutColor.swift in Sources */ = {isa = PBXBuildFile; fileRef = 9272E9912A94C76400C0C592 /* WithoutColor.swift */; };
		9272E9942A94C84400C0C592 /* ReduceMotion.swift in Sources */ = {isa = PBXBuildFile; fileRef = 9272E9932A94C84400C0C592 /* ReduceMotion.swift */; };
		9272E9962A94C94E00C0C592 /* ReduceTransparency.swift in Sources */ = {isa = PBXBuildFile; fileRef = 9272E9952A94C94E00C0C592 /* ReduceTransparency.swift */; };
		9272E99A2A94CF6300C0C592 /* Card.swift in Sources */ = {isa = PBXBuildFile; fileRef = 9272E9992A94CF6300C0C592 /* Card.swift */; };
		9272E99C2A94D00900C0C592 /* CardView.swift in Sources */ = {isa = PBXBuildFile; fileRef = 9272E99B2A94D00900C0C592 /* CardView.swift */; };
		92CD2E9D2A9F56C80076D6E1 /* EditCards.swift in Sources */ = {isa = PBXBuildFile; fileRef = 92CD2E9C2A9F56C80076D6E1 /* EditCards.swift */; };
		92EA930E2A92A41E00F740E6 /* FlashzillaApp.swift in Sources */ = {isa = PBXBuildFile; fileRef = 92EA930D2A92A41E00F740E6 /* FlashzillaApp.swift */; };
		92EA93102A92A41E00F740E6 /* ContentView.swift in Sources */ = {isa = PBXBuildFile; fileRef = 92EA930F2A92A41E00F740E6 /* ContentView.swift */; };
		92EA93122A92A41F00F740E6 /* Assets.xcassets in Resources */ = {isa = PBXBuildFile; fileRef = 92EA93112A92A41F00F740E6 /* Assets.xcassets */; };
		92EA93152A92A41F00F740E6 /* Preview Assets.xcassets in Resources */ = {isa = PBXBuildFile; fileRef = 92EA93142A92A41F00F740E6 /* Preview Assets.xcassets */; };
		92EA931D2A92A91100F740E6 /* TapGestureSUI.swift in Sources */ = {isa = PBXBuildFile; fileRef = 92EA931C2A92A91100F740E6 /* TapGestureSUI.swift */; };
		92EA93202A9386CD00F740E6 /* SimultaneousGesture.swift in Sources */ = {isa = PBXBuildFile; fileRef = 92EA931F2A9386CD00F740E6 /* SimultaneousGesture.swift */; };
		92EA93222A9386EE00F740E6 /* HighPriorityGesture.swift in Sources */ = {isa = PBXBuildFile; fileRef = 92EA93212A9386EE00F740E6 /* HighPriorityGesture.swift */; };
		92EA93242A93872400F740E6 /* GestureSequencing.swift in Sources */ = {isa = PBXBuildFile; fileRef = 92EA93232A93872400F740E6 /* GestureSequencing.swift */; };
		92EA93272A938B5600F740E6 /* HapticsSwiftUI.swift in Sources */ = {isa = PBXBuildFile; fileRef = 92EA93262A938B5600F740E6 /* HapticsSwiftUI.swift */; };
/* End PBXBuildFile section */

/* Begin PBXFileReference section */
		9272E9842A94B53100C0C592 /* RectangleCircle.swift */ = {isa = PBXFileReference; lastKnownFileType = sourcecode.swift; path = RectangleCircle.swift; sourceTree = "<group>"; };
		9272E9862A94B72B00C0C592 /* Spacers.swift */ = {isa = PBXFileReference; lastKnownFileType = sourcecode.swift; path = Spacers.swift; sourceTree = "<group>"; };
		9272E9892A94B7D900C0C592 /* TriggerTimer.swift */ = {isa = PBXFileReference; lastKnownFileType = sourcecode.swift; path = TriggerTimer.swift; sourceTree = "<group>"; };
		9272E98B2A94BA8700C0C592 /* TimerTolerance.swift */ = {isa = PBXFileReference; lastKnownFileType = sourcecode.swift; path = TimerTolerance.swift; sourceTree = "<group>"; };
		9272E98E2A94C65000C0C592 /* BackgroundNotification.swift */ = {isa = PBXFileReference; lastKnownFileType = sourcecode.swift; path = BackgroundNotification.swift; sourceTree = "<group>"; };
		9272E9912A94C76400C0C592 /* WithoutColor.swift */ = {isa = PBXFileReference; lastKnownFileType = sourcecode.swift; path = WithoutColor.swift; sourceTree = "<group>"; };
		9272E9932A94C84400C0C592 /* ReduceMotion.swift */ = {isa = PBXFileReference; lastKnownFileType = sourcecode.swift; path = ReduceMotion.swift; sourceTree = "<group>"; };
		9272E9952A94C94E00C0C592 /* ReduceTransparency.swift */ = {isa = PBXFileReference; lastKnownFileType = sourcecode.swift; path = ReduceTransparency.swift; sourceTree = "<group>"; };
		9272E9992A94CF6300C0C592 /* Card.swift */ = {isa = PBXFileReference; lastKnownFileType = sourcecode.swift; path = Card.swift; sourceTree = "<group>"; };
		9272E99B2A94D00900C0C592 /* CardView.swift */ = {isa = PBXFileReference; lastKnownFileType = sourcecode.swift; path = CardView.swift; sourceTree = "<group>"; };
		92CD2E9C2A9F56C80076D6E1 /* EditCards.swift */ = {isa = PBXFileReference; lastKnownFileType = sourcecode.swift; path = EditCards.swift; sourceTree = "<group>"; };
		92EA930A2A92A41E00F740E6 /* Flashzilla.app */ = {isa = PBXFileReference; explicitFileType = wrapper.application; includeInIndex = 0; path = Flashzilla.app; sourceTree = BUILT_PRODUCTS_DIR; };
		92EA930D2A92A41E00F740E6 /* FlashzillaApp.swift */ = {isa = PBXFileReference; lastKnownFileType = sourcecode.swift; path = FlashzillaApp.swift; sourceTree = "<group>"; };
		92EA930F2A92A41E00F740E6 /* ContentView.swift */ = {isa = PBXFileReference; lastKnownFileType = sourcecode.swift; path = ContentView.swift; sourceTree = "<group>"; };
		92EA93112A92A41F00F740E6 /* Assets.xcassets */ = {isa = PBXFileReference; lastKnownFileType = folder.assetcatalog; path = Assets.xcassets; sourceTree = "<group>"; };
		92EA93142A92A41F00F740E6 /* Preview Assets.xcassets */ = {isa = PBXFileReference; lastKnownFileType = folder.assetcatalog; path = "Preview Assets.xcassets"; sourceTree = "<group>"; };
		92EA931C2A92A91100F740E6 /* TapGestureSUI.swift */ = {isa = PBXFileReference; lastKnownFileType = sourcecode.swift; path = TapGestureSUI.swift; sourceTree = "<group>"; };
		92EA931F2A9386CD00F740E6 /* SimultaneousGesture.swift */ = {isa = PBXFileReference; lastKnownFileType = sourcecode.swift; path = SimultaneousGesture.swift; sourceTree = "<group>"; };
		92EA93212A9386EE00F740E6 /* HighPriorityGesture.swift */ = {isa = PBXFileReference; lastKnownFileType = sourcecode.swift; path = HighPriorityGesture.swift; sourceTree = "<group>"; };
		92EA93232A93872400F740E6 /* GestureSequencing.swift */ = {isa = PBXFileReference; lastKnownFileType = sourcecode.swift; path = GestureSequencing.swift; sourceTree = "<group>"; };
		92EA93262A938B5600F740E6 /* HapticsSwiftUI.swift */ = {isa = PBXFileReference; lastKnownFileType = sourcecode.swift; path = HapticsSwiftUI.swift; sourceTree = "<group>"; };
/* End PBXFileReference section */

/* Begin PBXFrameworksBuildPhase section */
		92EA93072A92A41E00F740E6 /* Frameworks */ = {
			isa = PBXFrameworksBuildPhase;
			buildActionMask = 2147483647;
			files = (
			);
			runOnlyForDeploymentPostprocessing = 0;
		};
/* End PBXFrameworksBuildPhase section */

/* Begin PBXGroup section */
		9272E9832A94B51400C0C592 /* UserInteractivity */ = {
			isa = PBXGroup;
			children = (
				9272E9842A94B53100C0C592 /* RectangleCircle.swift */,
				9272E9862A94B72B00C0C592 /* Spacers.swift */,
			);
			path = UserInteractivity;
			sourceTree = "<group>";
		};
		9272E9882A94B7C600C0C592 /* TriggerEventsWTimer */ = {
			isa = PBXGroup;
			children = (
				9272E9892A94B7D900C0C592 /* TriggerTimer.swift */,
				9272E98B2A94BA8700C0C592 /* TimerTolerance.swift */,
			);
			path = TriggerEventsWTimer;
			sourceTree = "<group>";
		};
		9272E98D2A94C62B00C0C592 /* BackgroundNotification */ = {
			isa = PBXGroup;
			children = (
				9272E98E2A94C65000C0C592 /* BackgroundNotification.swift */,
			);
			path = BackgroundNotification;
			sourceTree = "<group>";
		};
		9272E9902A94C72C00C0C592 /* SpecificAccessibility */ = {
			isa = PBXGroup;
			children = (
				9272E9912A94C76400C0C592 /* WithoutColor.swift */,
				9272E9932A94C84400C0C592 /* ReduceMotion.swift */,
				9272E9952A94C94E00C0C592 /* ReduceTransparency.swift */,
			);
			path = SpecificAccessibility;
			sourceTree = "<group>";
		};
		9272E9972A94CF4F00C0C592 /* Views */ = {
			isa = PBXGroup;
			children = (
				92EA930F2A92A41E00F740E6 /* ContentView.swift */,
				9272E99B2A94D00900C0C592 /* CardView.swift */,
				92CD2E9C2A9F56C80076D6E1 /* EditCards.swift */,
			);
			path = Views;
			sourceTree = "<group>";
		};
		9272E9982A94CF5C00C0C592 /* Model */ = {
			isa = PBXGroup;
			children = (
				9272E9992A94CF6300C0C592 /* Card.swift */,
			);
			path = Model;
			sourceTree = "<group>";
		};
		92EA93012A92A41E00F740E6 = {
			isa = PBXGroup;
			children = (
				92EA930C2A92A41E00F740E6 /* Flashzilla */,
				92EA930B2A92A41E00F740E6 /* Products */,
			);
			sourceTree = "<group>";
		};
		92EA930B2A92A41E00F740E6 /* Products */ = {
			isa = PBXGroup;
			children = (
				92EA930A2A92A41E00F740E6 /* Flashzilla.app */,
			);
			name = Products;
			sourceTree = "<group>";
		};
		92EA930C2A92A41E00F740E6 /* Flashzilla */ = {
			isa = PBXGroup;
			children = (
				92EA930D2A92A41E00F740E6 /* FlashzillaApp.swift */,
				9272E9972A94CF4F00C0C592 /* Views */,
				9272E9982A94CF5C00C0C592 /* Model */,
				92EA931B2A92A90000F740E6 /* Courses */,
				92EA93112A92A41F00F740E6 /* Assets.xcassets */,
				92EA93132A92A41F00F740E6 /* Preview Content */,
			);
			path = Flashzilla;
			sourceTree = "<group>";
		};
		92EA93132A92A41F00F740E6 /* Preview Content */ = {
			isa = PBXGroup;
			children = (
				92EA93142A92A41F00F740E6 /* Preview Assets.xcassets */,
			);
			path = "Preview Content";
			sourceTree = "<group>";
		};
		92EA931B2A92A90000F740E6 /* Courses */ = {
			isa = PBXGroup;
			children = (
				9272E9902A94C72C00C0C592 /* SpecificAccessibility */,
				9272E98D2A94C62B00C0C592 /* BackgroundNotification */,
				9272E9882A94B7C600C0C592 /* TriggerEventsWTimer */,
				9272E9832A94B51400C0C592 /* UserInteractivity */,
				92EA93252A93885900F740E6 /* Vibrations */,
				92EA931E2A9386AD00F740E6 /* GesturesSwiftUI */,
			);
			path = Courses;
			sourceTree = "<group>";
		};
		92EA931E2A9386AD00F740E6 /* GesturesSwiftUI */ = {
			isa = PBXGroup;
			children = (
				92EA931C2A92A91100F740E6 /* TapGestureSUI.swift */,
				92EA931F2A9386CD00F740E6 /* SimultaneousGesture.swift */,
				92EA93212A9386EE00F740E6 /* HighPriorityGesture.swift */,
				92EA93232A93872400F740E6 /* GestureSequencing.swift */,
			);
			path = GesturesSwiftUI;
			sourceTree = "<group>";
		};
		92EA93252A93885900F740E6 /* Vibrations */ = {
			isa = PBXGroup;
			children = (
				92EA93262A938B5600F740E6 /* HapticsSwiftUI.swift */,
				92EA93282A938E2400F740E6 /* New Group */,
			);
			path = Vibrations;
			sourceTree = "<group>";
		};
		92EA93282A938E2400F740E6 /* New Group */ = {
			isa = PBXGroup;
			children = (
			);
			path = "New Group";
			sourceTree = "<group>";
		};
/* End PBXGroup section */

/* Begin PBXNativeTarget section */
		92EA93092A92A41E00F740E6 /* Flashzilla */ = {
			isa = PBXNativeTarget;
			buildConfigurationList = 92EA93182A92A41F00F740E6 /* Build configuration list for PBXNativeTarget "Flashzilla" */;
			buildPhases = (
				92EA93062A92A41E00F740E6 /* Sources */,
				92EA93072A92A41E00F740E6 /* Frameworks */,
				92EA93082A92A41E00F740E6 /* Resources */,
			);
			buildRules = (
			);
			dependencies = (
			);
			name = Flashzilla;
			productName = Flashzilla;
			productReference = 92EA930A2A92A41E00F740E6 /* Flashzilla.app */;
			productType = "com.apple.product-type.application";
		};
/* End PBXNativeTarget section */

/* Begin PBXProject section */
		92EA93022A92A41E00F740E6 /* Project object */ = {
			isa = PBXProject;
			attributes = {
				BuildIndependentTargetsInParallel = 1;
				LastSwiftUpdateCheck = 1430;
				LastUpgradeCheck = 1430;
				TargetAttributes = {
					92EA93092A92A41E00F740E6 = {
						CreatedOnToolsVersion = 14.3.1;
					};
				};
			};
			buildConfigurationList = 92EA93052A92A41E00F740E6 /* Build configuration list for PBXProject "Flashzilla" */;
			compatibilityVersion = "Xcode 14.0";
			developmentRegion = en;
			hasScannedForEncodings = 0;
			knownRegions = (
				en,
				Base,
			);
			mainGroup = 92EA93012A92A41E00F740E6;
			productRefGroup = 92EA930B2A92A41E00F740E6 /* Products */;
			projectDirPath = "";
			projectRoot = "";
			targets = (
				92EA93092A92A41E00F740E6 /* Flashzilla */,
			);
		};
/* End PBXProject section */

/* Begin PBXResourcesBuildPhase section */
		92EA93082A92A41E00F740E6 /* Resources */ = {
			isa = PBXResourcesBuildPhase;
			buildActionMask = 2147483647;
			files = (
				92EA93152A92A41F00F740E6 /* Preview Assets.xcassets in Resources */,
				92EA93122A92A41F00F740E6 /* Assets.xcassets in Resources */,
			);
			runOnlyForDeploymentPostprocessing = 0;
		};
/* End PBXResourcesBuildPhase section */

/* Begin PBXSourcesBuildPhase section */
		92EA93062A92A41E00F740E6 /* Sources */ = {
			isa = PBXSourcesBuildPhase;
			buildActionMask = 2147483647;
			files = (
				92EA93202A9386CD00F740E6 /* SimultaneousGesture.swift in Sources */,
				92EA93242A93872400F740E6 /* GestureSequencing.swift in Sources */,
				9272E9872A94B72B00C0C592 /* Spacers.swift in Sources */,
				9272E98A2A94B7D900C0C592 /* TriggerTimer.swift in Sources */,
				9272E9962A94C94E00C0C592 /* ReduceTransparency.swift in Sources */,
				92EA93272A938B5600F740E6 /* HapticsSwiftUI.swift in Sources */,
				92EA93102A92A41E00F740E6 /* ContentView.swift in Sources */,
				92EA930E2A92A41E00F740E6 /* FlashzillaApp.swift in Sources */,
				92EA93222A9386EE00F740E6 /* HighPriorityGesture.swift in Sources */,
				92CD2E9D2A9F56C80076D6E1 /* EditCards.swift in Sources */,
				9272E98C2A94BA8700C0C592 /* TimerTolerance.swift in Sources */,
				9272E9942A94C84400C0C592 /* ReduceMotion.swift in Sources */,
				92EA931D2A92A91100F740E6 /* TapGestureSUI.swift in Sources */,
				9272E98F2A94C65000C0C592 /* BackgroundNotification.swift in Sources */,
				9272E9852A94B53100C0C592 /* RectangleCircle.swift in Sources */,
				9272E9922A94C76400C0C592 /* WithoutColor.swift in Sources */,
				9272E99C2A94D00900C0C592 /* CardView.swift in Sources */,
				9272E99A2A94CF6300C0C592 /* Card.swift in Sources */,
			);
			runOnlyForDeploymentPostprocessing = 0;
		};
/* End PBXSourcesBuildPhase section */

/* Begin XCBuildConfiguration section */
		92EA93162A92A41F00F740E6 /* Debug */ = {
			isa = XCBuildConfiguration;
			buildSettings = {
				ALWAYS_SEARCH_USER_PATHS = NO;
				CLANG_ANALYZER_NONNULL = YES;
				CLANG_ANALYZER_NUMBER_OBJECT_CONVERSION = YES_AGGRESSIVE;
				CLANG_CXX_LANGUAGE_STANDARD = "gnu++20";
				CLANG_ENABLE_MODULES = YES;
				CLANG_ENABLE_OBJC_ARC = YES;
				CLANG_ENABLE_OBJC_WEAK = YES;
				CLANG_WARN_BLOCK_CAPTURE_AUTORELEASING = YES;
				CLANG_WARN_BOOL_CONVERSION = YES;
				CLANG_WARN_COMMA = YES;
				CLANG_WARN_CONSTANT_CONVERSION = YES;
				CLANG_WARN_DEPRECATED_OBJC_IMPLEMENTATIONS = YES;
				CLANG_WARN_DIRECT_OBJC_ISA_USAGE = YES_ERROR;
				CLANG_WARN_DOCUMENTATION_COMMENTS = YES;
				CLANG_WARN_EMPTY_BODY = YES;
				CLANG_WARN_ENUM_CONVERSION = YES;
				CLANG_WARN_INFINITE_RECURSION = YES;
				CLANG_WARN_INT_CONVERSION = YES;
				CLANG_WARN_NON_LITERAL_NULL_CONVERSION = YES;
				CLANG_WARN_OBJC_IMPLICIT_RETAIN_SELF = YES;
				CLANG_WARN_OBJC_LITERAL_CONVERSION = YES;
				CLANG_WARN_OBJC_ROOT_CLASS = YES_ERROR;
				CLANG_WARN_QUOTED_INCLUDE_IN_FRAMEWORK_HEADER = YES;
				CLANG_WARN_RANGE_LOOP_ANALYSIS = YES;
				CLANG_WARN_STRICT_PROTOTYPES = YES;
				CLANG_WARN_SUSPICIOUS_MOVE = YES;
				CLANG_WARN_UNGUARDED_AVAILABILITY = YES_AGGRESSIVE;
				CLANG_WARN_UNREACHABLE_CODE = YES;
				CLANG_WARN__DUPLICATE_METHOD_MATCH = YES;
				COPY_PHASE_STRIP = NO;
				DEBUG_INFORMATION_FORMAT = dwarf;
				ENABLE_STRICT_OBJC_MSGSEND = YES;
				ENABLE_TESTABILITY = YES;
				GCC_C_LANGUAGE_STANDARD = gnu11;
				GCC_DYNAMIC_NO_PIC = NO;
				GCC_NO_COMMON_BLOCKS = YES;
				GCC_OPTIMIZATION_LEVEL = 0;
				GCC_PREPROCESSOR_DEFINITIONS = (
					"DEBUG=1",
					"$(inherited)",
				);
				GCC_WARN_64_TO_32_BIT_CONVERSION = YES;
				GCC_WARN_ABOUT_RETURN_TYPE = YES_ERROR;
				GCC_WARN_UNDECLARED_SELECTOR = YES;
				GCC_WARN_UNINITIALIZED_AUTOS = YES_AGGRESSIVE;
				GCC_WARN_UNUSED_FUNCTION = YES;
				GCC_WARN_UNUSED_VARIABLE = YES;
				IPHONEOS_DEPLOYMENT_TARGET = 16.4;
				MTL_ENABLE_DEBUG_INFO = INCLUDE_SOURCE;
				MTL_FAST_MATH = YES;
				ONLY_ACTIVE_ARCH = YES;
				SDKROOT = iphoneos;
				SWIFT_ACTIVE_COMPILATION_CONDITIONS = DEBUG;
				SWIFT_OPTIMIZATION_LEVEL = "-Onone";
			};
			name = Debug;
		};
		92EA93172A92A41F00F740E6 /* Release */ = {
			isa = XCBuildConfiguration;
			buildSettings = {
				ALWAYS_SEARCH_USER_PATHS = NO;
				CLANG_ANALYZER_NONNULL = YES;
				CLANG_ANALYZER_NUMBER_OBJECT_CONVERSION = YES_AGGRESSIVE;
				CLANG_CXX_LANGUAGE_STANDARD = "gnu++20";
				CLANG_ENABLE_MODULES = YES;
				CLANG_ENABLE_OBJC_ARC = YES;
				CLANG_ENABLE_OBJC_WEAK = YES;
				CLANG_WARN_BLOCK_CAPTURE_AUTORELEASING = YES;
				CLANG_WARN_BOOL_CONVERSION = YES;
				CLANG_WARN_COMMA = YES;
				CLANG_WARN_CONSTANT_CONVERSION = YES;
				CLANG_WARN_DEPRECATED_OBJC_IMPLEMENTATIONS = YES;
				CLANG_WARN_DIRECT_OBJC_ISA_USAGE = YES_ERROR;
				CLANG_WARN_DOCUMENTATION_COMMENTS = YES;
				CLANG_WARN_EMPTY_BODY = YES;
				CLANG_WARN_ENUM_CONVERSION = YES;
				CLANG_WARN_INFINITE_RECURSION = YES;
				CLANG_WARN_INT_CONVERSION = YES;
				CLANG_WARN_NON_LITERAL_NULL_CONVERSION = YES;
				CLANG_WARN_OBJC_IMPLICIT_RETAIN_SELF = YES;
				CLANG_WARN_OBJC_LITERAL_CONVERSION = YES;
				CLANG_WARN_OBJC_ROOT_CLASS = YES_ERROR;
				CLANG_WARN_QUOTED_INCLUDE_IN_FRAMEWORK_HEADER = YES;
				CLANG_WARN_RANGE_LOOP_ANALYSIS = YES;
				CLANG_WARN_STRICT_PROTOTYPES = YES;
				CLANG_WARN_SUSPICIOUS_MOVE = YES;
				CLANG_WARN_UNGUARDED_AVAILABILITY = YES_AGGRESSIVE;
				CLANG_WARN_UNREACHABLE_CODE = YES;
				CLANG_WARN__DUPLICATE_METHOD_MATCH = YES;
				COPY_PHASE_STRIP = NO;
				DEBUG_INFORMATION_FORMAT = "dwarf-with-dsym";
				ENABLE_NS_ASSERTIONS = NO;
				ENABLE_STRICT_OBJC_MSGSEND = YES;
				GCC_C_LANGUAGE_STANDARD = gnu11;
				GCC_NO_COMMON_BLOCKS = YES;
				GCC_WARN_64_TO_32_BIT_CONVERSION = YES;
				GCC_WARN_ABOUT_RETURN_TYPE = YES_ERROR;
				GCC_WARN_UNDECLARED_SELECTOR = YES;
				GCC_WARN_UNINITIALIZED_AUTOS = YES_AGGRESSIVE;
				GCC_WARN_UNUSED_FUNCTION = YES;
				GCC_WARN_UNUSED_VARIABLE = YES;
				IPHONEOS_DEPLOYMENT_TARGET = 16.4;
				MTL_ENABLE_DEBUG_INFO = NO;
				MTL_FAST_MATH = YES;
				SDKROOT = iphoneos;
				SWIFT_COMPILATION_MODE = wholemodule;
				SWIFT_OPTIMIZATION_LEVEL = "-O";
				VALIDATE_PRODUCT = YES;
			};
			name = Release;
		};
		92EA93192A92A41F00F740E6 /* Debug */ = {
			isa = XCBuildConfiguration;
			buildSettings = {
				ASSETCATALOG_COMPILER_APPICON_NAME = AppIcon;
				ASSETCATALOG_COMPILER_GLOBAL_ACCENT_COLOR_NAME = AccentColor;
				CODE_SIGN_STYLE = Automatic;
				CURRENT_PROJECT_VERSION = 1;
				DEVELOPMENT_ASSET_PATHS = "\"Flashzilla/Preview Content\"";
				DEVELOPMENT_TEAM = 2VP2J2SZVR;
				ENABLE_PREVIEWS = YES;
				GENERATE_INFOPLIST_FILE = YES;
				INFOPLIST_KEY_UIApplicationSceneManifest_Generation = YES;
				INFOPLIST_KEY_UIApplicationSupportsIndirectInputEvents = YES;
				INFOPLIST_KEY_UILaunchScreen_Generation = YES;
				INFOPLIST_KEY_UISupportedInterfaceOrientations = "UIInterfaceOrientationLandscapeLeft UIInterfaceOrientationLandscapeRight";
				INFOPLIST_KEY_UISupportedInterfaceOrientations_iPad = "UIInterfaceOrientationLandscapeLeft UIInterfaceOrientationLandscapeRight UIInterfaceOrientationPortrait UIInterfaceOrientationPortraitUpsideDown";
				LD_RUNPATH_SEARCH_PATHS = (
					"$(inherited)",
					"@executable_path/Frameworks",
				);
				MARKETING_VERSION = 1.0;
				PRODUCT_BUNDLE_IDENTIFIER = carolanelfbv.Flashzilla;
				PRODUCT_NAME = "$(TARGET_NAME)";
				SWIFT_EMIT_LOC_STRINGS = YES;
				SWIFT_VERSION = 5.0;
				TARGETED_DEVICE_FAMILY = "1,2";
			};
			name = Debug;
		};
		92EA931A2A92A41F00F740E6 /* Release */ = {
			isa = XCBuildConfiguration;
			buildSettings = {
				ASSETCATALOG_COMPILER_APPICON_NAME = AppIcon;
				ASSETCATALOG_COMPILER_GLOBAL_ACCENT_COLOR_NAME = AccentColor;
				CODE_SIGN_STYLE = Automatic;
				CURRENT_PROJECT_VERSION = 1;
				DEVELOPMENT_ASSET_PATHS = "\"Flashzilla/Preview Content\"";
				DEVELOPMENT_TEAM = 2VP2J2SZVR;
				ENABLE_PREVIEWS = YES;
				GENERATE_INFOPLIST_FILE = YES;
				INFOPLIST_KEY_UIApplicationSceneManifest_Generation = YES;
				INFOPLIST_KEY_UIApplicationSupportsIndirectInputEvents = YES;
				INFOPLIST_KEY_UILaunchScreen_Generation = YES;
				INFOPLIST_KEY_UISupportedInterfaceOrientations = "UIInterfaceOrientationLandscapeLeft UIInterfaceOrientationLandscapeRight";
				INFOPLIST_KEY_UISupportedInterfaceOrientations_iPad = "UIInterfaceOrientationLandscapeLeft UIInterfaceOrientationLandscapeRight UIInterfaceOrientationPortrait UIInterfaceOrientationPortraitUpsideDown";
				LD_RUNPATH_SEARCH_PATHS = (
					"$(inherited)",
					"@executable_path/Frameworks",
				);
				MARKETING_VERSION = 1.0;
				PRODUCT_BUNDLE_IDENTIFIER = carolanelfbv.Flashzilla;
				PRODUCT_NAME = "$(TARGET_NAME)";
				SWIFT_EMIT_LOC_STRINGS = YES;
				SWIFT_VERSION = 5.0;
				TARGETED_DEVICE_FAMILY = "1,2";
			};
			name = Release;
		};
/* End XCBuildConfiguration section */

/* Begin XCConfigurationList section */
		92EA93052A92A41E00F740E6 /* Build configuration list for PBXProject "Flashzilla" */ = {
			isa = XCConfigurationList;
			buildConfigurations = (
				92EA93162A92A41F00F740E6 /* Debug */,
				92EA93172A92A41F00F740E6 /* Release */,
			);
			defaultConfigurationIsVisible = 0;
			defaultConfigurationName = Release;
		};
		92EA93182A92A41F00F740E6 /* Build configuration list for PBXNativeTarget "Flashzilla" */ = {
			isa = XCConfigurationList;
			buildConfigurations = (
				92EA93192A92A41F00F740E6 /* Debug */,
				92EA931A2A92A41F00F740E6 /* Release */,
			);
			defaultConfigurationIsVisible = 0;
			defaultConfigurationName = Release;
		};
/* End XCConfigurationList section */
	};
	rootObject = 92EA93022A92A41E00F740E6 /* Project object */;
}
