// !$*UTF8*$!
{
	archiveVersion = 1;
	classes = {
	};
	objectVersion = 56;
	objects = {

/* Begin PBXBuildFile section */
		518633BD29B37A360066A636 /* HotProspectsApp.swift in Sources */ = {isa = PBXBuildFile; fileRef = 518633BC29B37A360066A636 /* HotProspectsApp.swift */; };
		518633BF29B37A360066A636 /* ContentView.swift in Sources */ = {isa = PBXBuildFile; fileRef = 518633BE29B37A360066A636 /* ContentView.swift */; };
		518633C129B37A380066A636 /* Assets.xcassets in Resources */ = {isa = PBXBuildFile; fileRef = 518633C029B37A380066A636 /* Assets.xcassets */; };
		518633C429B37A380066A636 /* Preview Assets.xcassets in Resources */ = {isa = PBXBuildFile; fileRef = 518633C329B37A380066A636 /* Preview Assets.xcassets */; };
		518633CC29B37BF20066A636 /* EnvironmentObjectLesson.swift in Sources */ = {isa = PBXBuildFile; fileRef = 518633CB29B37BF20066A636 /* EnvironmentObjectLesson.swift */; };
		518633CE29B37C7F0066A636 /* ContentViewLessons.swift in Sources */ = {isa = PBXBuildFile; fileRef = 518633CD29B37C7F0066A636 /* ContentViewLessons.swift */; };
		518633D229B37D2E0066A636 /* TabViewLesson.swift in Sources */ = {isa = PBXBuildFile; fileRef = 518633D129B37D2E0066A636 /* TabViewLesson.swift */; };
		518633D529B383500066A636 /* ManuallyPublishingLesson.swift in Sources */ = {isa = PBXBuildFile; fileRef = 518633D429B383500066A636 /* ManuallyPublishingLesson.swift */; };
		518633D829B384270066A636 /* SwiftResultLesson.swift in Sources */ = {isa = PBXBuildFile; fileRef = 518633D729B384270066A636 /* SwiftResultLesson.swift */; };
		518633DB29B385E10066A636 /* ImgInterpolationLesson.swift in Sources */ = {isa = PBXBuildFile; fileRef = 518633DA29B385E10066A636 /* ImgInterpolationLesson.swift */; };
		518633DE29B386C20066A636 /* ContextMenusLesson.swift in Sources */ = {isa = PBXBuildFile; fileRef = 518633DD29B386C20066A636 /* ContextMenusLesson.swift */; };
		518633E129B387B40066A636 /* CustomSwipActionListLesson.swift in Sources */ = {isa = PBXBuildFile; fileRef = 518633E029B387B40066A636 /* CustomSwipActionListLesson.swift */; };
		518633E429B3887E0066A636 /* SchedulingLocalNotifLesson.swift in Sources */ = {isa = PBXBuildFile; fileRef = 518633E329B3887E0066A636 /* SchedulingLocalNotifLesson.swift */; };
		518633E729B38B5B0066A636 /* AddDependenciesLesson.swift in Sources */ = {isa = PBXBuildFile; fileRef = 518633E629B38B5B0066A636 /* AddDependenciesLesson.swift */; };
		518633EA29B38B850066A636 /* SamplePackage in Frameworks */ = {isa = PBXBuildFile; productRef = 518633E929B38B850066A636 /* SamplePackage */; };
/* End PBXBuildFile section */

/* Begin PBXFileReference section */
		518633B929B37A360066A636 /* HotProspects.app */ = {isa = PBXFileReference; explicitFileType = wrapper.application; includeInIndex = 0; path = HotProspects.app; sourceTree = BUILT_PRODUCTS_DIR; };
		518633BC29B37A360066A636 /* HotProspectsApp.swift */ = {isa = PBXFileReference; lastKnownFileType = sourcecode.swift; path = HotProspectsApp.swift; sourceTree = "<group>"; };
		518633BE29B37A360066A636 /* ContentView.swift */ = {isa = PBXFileReference; lastKnownFileType = sourcecode.swift; path = ContentView.swift; sourceTree = "<group>"; };
		518633C029B37A380066A636 /* Assets.xcassets */ = {isa = PBXFileReference; lastKnownFileType = folder.assetcatalog; path = Assets.xcassets; sourceTree = "<group>"; };
		518633C329B37A380066A636 /* Preview Assets.xcassets */ = {isa = PBXFileReference; lastKnownFileType = folder.assetcatalog; path = "Preview Assets.xcassets"; sourceTree = "<group>"; };
		518633CB29B37BF20066A636 /* EnvironmentObjectLesson.swift */ = {isa = PBXFileReference; lastKnownFileType = sourcecode.swift; path = EnvironmentObjectLesson.swift; sourceTree = "<group>"; };
		518633CD29B37C7F0066A636 /* ContentViewLessons.swift */ = {isa = PBXFileReference; lastKnownFileType = sourcecode.swift; path = ContentViewLessons.swift; sourceTree = "<group>"; };
		518633D129B37D2E0066A636 /* TabViewLesson.swift */ = {isa = PBXFileReference; lastKnownFileType = sourcecode.swift; path = TabViewLesson.swift; sourceTree = "<group>"; };
		518633D429B383500066A636 /* ManuallyPublishingLesson.swift */ = {isa = PBXFileReference; lastKnownFileType = sourcecode.swift; path = ManuallyPublishingLesson.swift; sourceTree = "<group>"; };
		518633D729B384270066A636 /* SwiftResultLesson.swift */ = {isa = PBXFileReference; lastKnownFileType = sourcecode.swift; path = SwiftResultLesson.swift; sourceTree = "<group>"; };
		518633DA29B385E10066A636 /* ImgInterpolationLesson.swift */ = {isa = PBXFileReference; lastKnownFileType = sourcecode.swift; path = ImgInterpolationLesson.swift; sourceTree = "<group>"; };
		518633DD29B386C20066A636 /* ContextMenusLesson.swift */ = {isa = PBXFileReference; lastKnownFileType = sourcecode.swift; path = ContextMenusLesson.swift; sourceTree = "<group>"; };
		518633E029B387B40066A636 /* CustomSwipActionListLesson.swift */ = {isa = PBXFileReference; lastKnownFileType = sourcecode.swift; path = CustomSwipActionListLesson.swift; sourceTree = "<group>"; };
		518633E329B3887E0066A636 /* SchedulingLocalNotifLesson.swift */ = {isa = PBXFileReference; lastKnownFileType = sourcecode.swift; path = SchedulingLocalNotifLesson.swift; sourceTree = "<group>"; };
		518633E629B38B5B0066A636 /* AddDependenciesLesson.swift */ = {isa = PBXFileReference; lastKnownFileType = sourcecode.swift; path = AddDependenciesLesson.swift; sourceTree = "<group>"; };
/* End PBXFileReference section */

/* Begin PBXFrameworksBuildPhase section */
		518633B629B37A360066A636 /* Frameworks */ = {
			isa = PBXFrameworksBuildPhase;
			buildActionMask = 2147483647;
			files = (
				518633EA29B38B850066A636 /* SamplePackage in Frameworks */,
			);
			runOnlyForDeploymentPostprocessing = 0;
		};
/* End PBXFrameworksBuildPhase section */

/* Begin PBXGroup section */
		518633B029B37A360066A636 = {
			isa = PBXGroup;
			children = (
				518633BB29B37A360066A636 /* HotProspects */,
				518633BA29B37A360066A636 /* Products */,
			);
			sourceTree = "<group>";
		};
		518633BA29B37A360066A636 /* Products */ = {
			isa = PBXGroup;
			children = (
				518633B929B37A360066A636 /* HotProspects.app */,
			);
			name = Products;
			sourceTree = "<group>";
		};
		518633BB29B37A360066A636 /* HotProspects */ = {
			isa = PBXGroup;
			children = (
				518633CA29B37BD70066A636 /* Lessons */,
				518633BC29B37A360066A636 /* HotProspectsApp.swift */,
				518633BE29B37A360066A636 /* ContentView.swift */,
				518633C029B37A380066A636 /* Assets.xcassets */,
				518633C229B37A380066A636 /* Preview Content */,
			);
			path = HotProspects;
			sourceTree = "<group>";
		};
		518633C229B37A380066A636 /* Preview Content */ = {
			isa = PBXGroup;
			children = (
				518633C329B37A380066A636 /* Preview Assets.xcassets */,
			);
			path = "Preview Content";
			sourceTree = "<group>";
		};
		518633CA29B37BD70066A636 /* Lessons */ = {
			isa = PBXGroup;
			children = (
				518633E529B38B510066A636 /* AddDependencies */,
				518633E229B3882A0066A636 /* SchedulingLocalNotif */,
				518633DF29B3879D0066A636 /* CustomSwipeActions */,
				518633DC29B386B50066A636 /* CreatingContextMenusLesson */,
				518633D929B385C40066A636 /* ControllingImgInterpolation */,
				518633D629B384190066A636 /* SwiftResult */,
				518633D329B3833A0066A636 /* ManuallyPublishing */,
				518633D029B37D270066A636 /* TabView */,
				518633CF29B37D1C0066A636 /* EnvironmentsObject */,
			);
			path = Lessons;
			sourceTree = "<group>";
		};
		518633CF29B37D1C0066A636 /* EnvironmentsObject */ = {
			isa = PBXGroup;
			children = (
				518633CB29B37BF20066A636 /* EnvironmentObjectLesson.swift */,
				518633CD29B37C7F0066A636 /* ContentViewLessons.swift */,
			);
			path = EnvironmentsObject;
			sourceTree = "<group>";
		};
		518633D029B37D270066A636 /* TabView */ = {
			isa = PBXGroup;
			children = (
				518633D129B37D2E0066A636 /* TabViewLesson.swift */,
			);
			path = TabView;
			sourceTree = "<group>";
		};
		518633D329B3833A0066A636 /* ManuallyPublishing */ = {
			isa = PBXGroup;
			children = (
				518633D429B383500066A636 /* ManuallyPublishingLesson.swift */,
			);
			path = ManuallyPublishing;
			sourceTree = "<group>";
		};
		518633D629B384190066A636 /* SwiftResult */ = {
			isa = PBXGroup;
			children = (
				518633D729B384270066A636 /* SwiftResultLesson.swift */,
			);
			path = SwiftResult;
			sourceTree = "<group>";
		};
		518633D929B385C40066A636 /* ControllingImgInterpolation */ = {
			isa = PBXGroup;
			children = (
				518633DA29B385E10066A636 /* ImgInterpolationLesson.swift */,
			);
			path = ControllingImgInterpolation;
			sourceTree = "<group>";
		};
		518633DC29B386B50066A636 /* CreatingContextMenusLesson */ = {
			isa = PBXGroup;
			children = (
				518633DD29B386C20066A636 /* ContextMenusLesson.swift */,
			);
			path = CreatingContextMenusLesson;
			sourceTree = "<group>";
		};
		518633DF29B3879D0066A636 /* CustomSwipeActions */ = {
			isa = PBXGroup;
			children = (
				518633E029B387B40066A636 /* CustomSwipActionListLesson.swift */,
			);
			path = CustomSwipeActions;
			sourceTree = "<group>";
		};
		518633E229B3882A0066A636 /* SchedulingLocalNotif */ = {
			isa = PBXGroup;
			children = (
				518633E329B3887E0066A636 /* SchedulingLocalNotifLesson.swift */,
			);
			path = SchedulingLocalNotif;
			sourceTree = "<group>";
		};
		518633E529B38B510066A636 /* AddDependencies */ = {
			isa = PBXGroup;
			children = (
				518633E629B38B5B0066A636 /* AddDependenciesLesson.swift */,
			);
			path = AddDependencies;
			sourceTree = "<group>";
		};
/* End PBXGroup section */

/* Begin PBXNativeTarget section */
		518633B829B37A360066A636 /* HotProspects */ = {
			isa = PBXNativeTarget;
			buildConfigurationList = 518633C729B37A380066A636 /* Build configuration list for PBXNativeTarget "HotProspects" */;
			buildPhases = (
				518633B529B37A360066A636 /* Sources */,
				518633B629B37A360066A636 /* Frameworks */,
				518633B729B37A360066A636 /* Resources */,
			);
			buildRules = (
			);
			dependencies = (
			);
			name = HotProspects;
			packageProductDependencies = (
				518633E929B38B850066A636 /* SamplePackage */,
			);
			productName = HotProspects;
			productReference = 518633B929B37A360066A636 /* HotProspects.app */;
			productType = "com.apple.product-type.application";
		};
/* End PBXNativeTarget section */

/* Begin PBXProject section */
		518633B129B37A360066A636 /* Project object */ = {
			isa = PBXProject;
			attributes = {
				BuildIndependentTargetsInParallel = 1;
				LastSwiftUpdateCheck = 1420;
				LastUpgradeCheck = 1420;
				TargetAttributes = {
					518633B829B37A360066A636 = {
						CreatedOnToolsVersion = 14.2;
					};
				};
			};
			buildConfigurationList = 518633B429B37A360066A636 /* Build configuration list for PBXProject "HotProspects" */;
			compatibilityVersion = "Xcode 14.0";
			developmentRegion = en;
			hasScannedForEncodings = 0;
			knownRegions = (
				en,
				Base,
			);
			mainGroup = 518633B029B37A360066A636;
			packageReferences = (
				518633E829B38B850066A636 /* XCRemoteSwiftPackageReference "SamplePackage" */,
			);
			productRefGroup = 518633BA29B37A360066A636 /* Products */;
			projectDirPath = "";
			projectRoot = "";
			targets = (
				518633B829B37A360066A636 /* HotProspects */,
			);
		};
/* End PBXProject section */

/* Begin PBXResourcesBuildPhase section */
		518633B729B37A360066A636 /* Resources */ = {
			isa = PBXResourcesBuildPhase;
			buildActionMask = 2147483647;
			files = (
				518633C429B37A380066A636 /* Preview Assets.xcassets in Resources */,
				518633C129B37A380066A636 /* Assets.xcassets in Resources */,
			);
			runOnlyForDeploymentPostprocessing = 0;
		};
/* End PBXResourcesBuildPhase section */

/* Begin PBXSourcesBuildPhase section */
		518633B529B37A360066A636 /* Sources */ = {
			isa = PBXSourcesBuildPhase;
			buildActionMask = 2147483647;
			files = (
				518633DB29B385E10066A636 /* ImgInterpolationLesson.swift in Sources */,
				518633D229B37D2E0066A636 /* TabViewLesson.swift in Sources */,
				518633E729B38B5B0066A636 /* AddDependenciesLesson.swift in Sources */,
				518633CE29B37C7F0066A636 /* ContentViewLessons.swift in Sources */,
				518633D829B384270066A636 /* SwiftResultLesson.swift in Sources */,
				518633DE29B386C20066A636 /* ContextMenusLesson.swift in Sources */,
				518633BF29B37A360066A636 /* ContentView.swift in Sources */,
				518633E129B387B40066A636 /* CustomSwipActionListLesson.swift in Sources */,
				518633D529B383500066A636 /* ManuallyPublishingLesson.swift in Sources */,
				518633CC29B37BF20066A636 /* EnvironmentObjectLesson.swift in Sources */,
				518633E429B3887E0066A636 /* SchedulingLocalNotifLesson.swift in Sources */,
				518633BD29B37A360066A636 /* HotProspectsApp.swift in Sources */,
			);
			runOnlyForDeploymentPostprocessing = 0;
		};
/* End PBXSourcesBuildPhase section */

/* Begin XCBuildConfiguration section */
		518633C529B37A380066A636 /* Debug */ = {
			isa = XCBuildConfiguration;
			buildSettings = {
				ALWAYS_SEARCH_USER_PATHS = NO;
				CLANG_ANALYZER_NONNULL = YES;
				CLANG_ANALYZER_NUMBER_OBJECT_CONVERSION = YES_AGGRESSIVE;
				CLANG_CXX_LANGUAGE_STANDARD = "gnu++20";
				CLANG_ENABLE_MODULES = YES;
				CLANG_ENABLE_OBJC_ARC = YES;
				CLANG_ENABLE_OBJC_WEAK = YES;
				CLANG_WARN_BLOCK_CAPTURE_AUTORELEASING = YES;
				CLANG_WARN_BOOL_CONVERSION = YES;
				CLANG_WARN_COMMA = YES;
				CLANG_WARN_CONSTANT_CONVERSION = YES;
				CLANG_WARN_DEPRECATED_OBJC_IMPLEMENTATIONS = YES;
				CLANG_WARN_DIRECT_OBJC_ISA_USAGE = YES_ERROR;
				CLANG_WARN_DOCUMENTATION_COMMENTS = YES;
				CLANG_WARN_EMPTY_BODY = YES;
				CLANG_WARN_ENUM_CONVERSION = YES;
				CLANG_WARN_INFINITE_RECURSION = YES;
				CLANG_WARN_INT_CONVERSION = YES;
				CLANG_WARN_NON_LITERAL_NULL_CONVERSION = YES;
				CLANG_WARN_OBJC_IMPLICIT_RETAIN_SELF = YES;
				CLANG_WARN_OBJC_LITERAL_CONVERSION = YES;
				CLANG_WARN_OBJC_ROOT_CLASS = YES_ERROR;
				CLANG_WARN_QUOTED_INCLUDE_IN_FRAMEWORK_HEADER = YES;
				CLANG_WARN_RANGE_LOOP_ANALYSIS = YES;
				CLANG_WARN_STRICT_PROTOTYPES = YES;
				CLANG_WARN_SUSPICIOUS_MOVE = YES;
				CLANG_WARN_UNGUARDED_AVAILABILITY = YES_AGGRESSIVE;
				CLANG_WARN_UNREACHABLE_CODE = YES;
				CLANG_WARN__DUPLICATE_METHOD_MATCH = YES;
				COPY_PHASE_STRIP = NO;
				DEBUG_INFORMATION_FORMAT = dwarf;
				ENABLE_STRICT_OBJC_MSGSEND = YES;
				ENABLE_TESTABILITY = YES;
				GCC_C_LANGUAGE_STANDARD = gnu11;
				GCC_DYNAMIC_NO_PIC = NO;
				GCC_NO_COMMON_BLOCKS = YES;
				GCC_OPTIMIZATION_LEVEL = 0;
				GCC_PREPROCESSOR_DEFINITIONS = (
					"DEBUG=1",
					"$(inherited)",
				);
				GCC_WARN_64_TO_32_BIT_CONVERSION = YES;
				GCC_WARN_ABOUT_RETURN_TYPE = YES_ERROR;
				GCC_WARN_UNDECLARED_SELECTOR = YES;
				GCC_WARN_UNINITIALIZED_AUTOS = YES_AGGRESSIVE;
				GCC_WARN_UNUSED_FUNCTION = YES;
				GCC_WARN_UNUSED_VARIABLE = YES;
				IPHONEOS_DEPLOYMENT_TARGET = 16.2;
				MTL_ENABLE_DEBUG_INFO = INCLUDE_SOURCE;
				MTL_FAST_MATH = YES;
				ONLY_ACTIVE_ARCH = YES;
				SDKROOT = iphoneos;
				SWIFT_ACTIVE_COMPILATION_CONDITIONS = DEBUG;
				SWIFT_OPTIMIZATION_LEVEL = "-Onone";
			};
			name = Debug;
		};
		518633C629B37A380066A636 /* Release */ = {
			isa = XCBuildConfiguration;
			buildSettings = {
				ALWAYS_SEARCH_USER_PATHS = NO;
				CLANG_ANALYZER_NONNULL = YES;
				CLANG_ANALYZER_NUMBER_OBJECT_CONVERSION = YES_AGGRESSIVE;
				CLANG_CXX_LANGUAGE_STANDARD = "gnu++20";
				CLANG_ENABLE_MODULES = YES;
				CLANG_ENABLE_OBJC_ARC = YES;
				CLANG_ENABLE_OBJC_WEAK = YES;
				CLANG_WARN_BLOCK_CAPTURE_AUTORELEASING = YES;
				CLANG_WARN_BOOL_CONVERSION = YES;
				CLANG_WARN_COMMA = YES;
				CLANG_WARN_CONSTANT_CONVERSION = YES;
				CLANG_WARN_DEPRECATED_OBJC_IMPLEMENTATIONS = YES;
				CLANG_WARN_DIRECT_OBJC_ISA_USAGE = YES_ERROR;
				CLANG_WARN_DOCUMENTATION_COMMENTS = YES;
				CLANG_WARN_EMPTY_BODY = YES;
				CLANG_WARN_ENUM_CONVERSION = YES;
				CLANG_WARN_INFINITE_RECURSION = YES;
				CLANG_WARN_INT_CONVERSION = YES;
				CLANG_WARN_NON_LITERAL_NULL_CONVERSION = YES;
				CLANG_WARN_OBJC_IMPLICIT_RETAIN_SELF = YES;
				CLANG_WARN_OBJC_LITERAL_CONVERSION = YES;
				CLANG_WARN_OBJC_ROOT_CLASS = YES_ERROR;
				CLANG_WARN_QUOTED_INCLUDE_IN_FRAMEWORK_HEADER = YES;
				CLANG_WARN_RANGE_LOOP_ANALYSIS = YES;
				CLANG_WARN_STRICT_PROTOTYPES = YES;
				CLANG_WARN_SUSPICIOUS_MOVE = YES;
				CLANG_WARN_UNGUARDED_AVAILABILITY = YES_AGGRESSIVE;
				CLANG_WARN_UNREACHABLE_CODE = YES;
				CLANG_WARN__DUPLICATE_METHOD_MATCH = YES;
				COPY_PHASE_STRIP = NO;
				DEBUG_INFORMATION_FORMAT = "dwarf-with-dsym";
				ENABLE_NS_ASSERTIONS = NO;
				ENABLE_STRICT_OBJC_MSGSEND = YES;
				GCC_C_LANGUAGE_STANDARD = gnu11;
				GCC_NO_COMMON_BLOCKS = YES;
				GCC_WARN_64_TO_32_BIT_CONVERSION = YES;
				GCC_WARN_ABOUT_RETURN_TYPE = YES_ERROR;
				GCC_WARN_UNDECLARED_SELECTOR = YES;
				GCC_WARN_UNINITIALIZED_AUTOS = YES_AGGRESSIVE;
				GCC_WARN_UNUSED_FUNCTION = YES;
				GCC_WARN_UNUSED_VARIABLE = YES;
				IPHONEOS_DEPLOYMENT_TARGET = 16.2;
				MTL_ENABLE_DEBUG_INFO = NO;
				MTL_FAST_MATH = YES;
				SDKROOT = iphoneos;
				SWIFT_COMPILATION_MODE = wholemodule;
				SWIFT_OPTIMIZATION_LEVEL = "-O";
				VALIDATE_PRODUCT = YES;
			};
			name = Release;
		};
		518633C829B37A380066A636 /* Debug */ = {
			isa = XCBuildConfiguration;
			buildSettings = {
				ASSETCATALOG_COMPILER_APPICON_NAME = AppIcon;
				ASSETCATALOG_COMPILER_GLOBAL_ACCENT_COLOR_NAME = AccentColor;
				CODE_SIGN_STYLE = Automatic;
				CURRENT_PROJECT_VERSION = 1;
				DEVELOPMENT_ASSET_PATHS = "\"HotProspects/Preview Content\"";
				DEVELOPMENT_TEAM = 2VP2J2SZVR;
				ENABLE_PREVIEWS = YES;
				GENERATE_INFOPLIST_FILE = YES;
				INFOPLIST_KEY_UIApplicationSceneManifest_Generation = YES;
				INFOPLIST_KEY_UIApplicationSupportsIndirectInputEvents = YES;
				INFOPLIST_KEY_UILaunchScreen_Generation = YES;
				INFOPLIST_KEY_UISupportedInterfaceOrientations_iPad = "UIInterfaceOrientationPortrait UIInterfaceOrientationPortraitUpsideDown UIInterfaceOrientationLandscapeLeft UIInterfaceOrientationLandscapeRight";
				INFOPLIST_KEY_UISupportedInterfaceOrientations_iPhone = "UIInterfaceOrientationPortrait UIInterfaceOrientationLandscapeLeft UIInterfaceOrientationLandscapeRight";
				LD_RUNPATH_SEARCH_PATHS = (
					"$(inherited)",
					"@executable_path/Frameworks",
				);
				MARKETING_VERSION = 1.0;
				PRODUCT_BUNDLE_IDENTIFIER = carolanelefebvre.HotProspects;
				PRODUCT_NAME = "$(TARGET_NAME)";
				SWIFT_EMIT_LOC_STRINGS = YES;
				SWIFT_VERSION = 5.0;
				TARGETED_DEVICE_FAMILY = "1,2";
			};
			name = Debug;
		};
		518633C929B37A380066A636 /* Release */ = {
			isa = XCBuildConfiguration;
			buildSettings = {
				ASSETCATALOG_COMPILER_APPICON_NAME = AppIcon;
				ASSETCATALOG_COMPILER_GLOBAL_ACCENT_COLOR_NAME = AccentColor;
				CODE_SIGN_STYLE = Automatic;
				CURRENT_PROJECT_VERSION = 1;
				DEVELOPMENT_ASSET_PATHS = "\"HotProspects/Preview Content\"";
				DEVELOPMENT_TEAM = 2VP2J2SZVR;
				ENABLE_PREVIEWS = YES;
				GENERATE_INFOPLIST_FILE = YES;
				INFOPLIST_KEY_UIApplicationSceneManifest_Generation = YES;
				INFOPLIST_KEY_UIApplicationSupportsIndirectInputEvents = YES;
				INFOPLIST_KEY_UILaunchScreen_Generation = YES;
				INFOPLIST_KEY_UISupportedInterfaceOrientations_iPad = "UIInterfaceOrientationPortrait UIInterfaceOrientationPortraitUpsideDown UIInterfaceOrientationLandscapeLeft UIInterfaceOrientationLandscapeRight";
				INFOPLIST_KEY_UISupportedInterfaceOrientations_iPhone = "UIInterfaceOrientationPortrait UIInterfaceOrientationLandscapeLeft UIInterfaceOrientationLandscapeRight";
				LD_RUNPATH_SEARCH_PATHS = (
					"$(inherited)",
					"@executable_path/Frameworks",
				);
				MARKETING_VERSION = 1.0;
				PRODUCT_BUNDLE_IDENTIFIER = carolanelefebvre.HotProspects;
				PRODUCT_NAME = "$(TARGET_NAME)";
				SWIFT_EMIT_LOC_STRINGS = YES;
				SWIFT_VERSION = 5.0;
				TARGETED_DEVICE_FAMILY = "1,2";
			};
			name = Release;
		};
/* End XCBuildConfiguration section */

/* Begin XCConfigurationList section */
		518633B429B37A360066A636 /* Build configuration list for PBXProject "HotProspects" */ = {
			isa = XCConfigurationList;
			buildConfigurations = (
				518633C529B37A380066A636 /* Debug */,
				518633C629B37A380066A636 /* Release */,
			);
			defaultConfigurationIsVisible = 0;
			defaultConfigurationName = Release;
		};
		518633C729B37A380066A636 /* Build configuration list for PBXNativeTarget "HotProspects" */ = {
			isa = XCConfigurationList;
			buildConfigurations = (
				518633C829B37A380066A636 /* Debug */,
				518633C929B37A380066A636 /* Release */,
			);
			defaultConfigurationIsVisible = 0;
			defaultConfigurationName = Release;
		};
/* End XCConfigurationList section */

/* Begin XCRemoteSwiftPackageReference section */
		518633E829B38B850066A636 /* XCRemoteSwiftPackageReference "SamplePackage" */ = {
			isa = XCRemoteSwiftPackageReference;
			repositoryURL = "https://github.com/twostraws/SamplePackage";
			requirement = {
				kind = upToNextMajorVersion;
				minimumVersion = 1.0.0;
			};
		};
/* End XCRemoteSwiftPackageReference section */

/* Begin XCSwiftPackageProductDependency section */
		518633E929B38B850066A636 /* SamplePackage */ = {
			isa = XCSwiftPackageProductDependency;
			package = 518633E829B38B850066A636 /* XCRemoteSwiftPackageReference "SamplePackage" */;
			productName = SamplePackage;
		};
/* End XCSwiftPackageProductDependency section */
	};
	rootObject = 518633B129B37A360066A636 /* Project object */;
}
